// !$*UTF8*$!
{
	archiveVersion = 1;
	classes = {
	};
	objectVersion = 50;
	objects = {

/* Begin PBXBuildFile section */
		1884A3D722BE2787000F20A1 /* AppDelegate.m in Sources */ = {isa = PBXBuildFile; fileRef = 1884A3D622BE2787000F20A1 /* AppDelegate.m */; };
		1884A3DA22BE2787000F20A1 /* ViewController.m in Sources */ = {isa = PBXBuildFile; fileRef = 1884A3D922BE2787000F20A1 /* ViewController.m */; };
		1884A3DD22BE2787000F20A1 /* Main.storyboard in Resources */ = {isa = PBXBuildFile; fileRef = 1884A3DB22BE2787000F20A1 /* Main.storyboard */; };
		1884A3DF22BE2789000F20A1 /* Assets.xcassets in Resources */ = {isa = PBXBuildFile; fileRef = 1884A3DE22BE2789000F20A1 /* Assets.xcassets */; };
		1884A3E222BE2789000F20A1 /* LaunchScreen.storyboard in Resources */ = {isa = PBXBuildFile; fileRef = 1884A3E022BE2789000F20A1 /* LaunchScreen.storyboard */; };
		1884A3E522BE2789000F20A1 /* main.m in Sources */ = {isa = PBXBuildFile; fileRef = 1884A3E422BE2789000F20A1 /* main.m */; };
		1884A3EF22BE2789000F20A1 /* YHDataStructureAndAlgorithmTests.m in Sources */ = {isa = PBXBuildFile; fileRef = 1884A3EE22BE2789000F20A1 /* YHDataStructureAndAlgorithmTests.m */; };
		1884A3FA22BE2789000F20A1 /* YHDataStructureAndAlgorithmUITests.m in Sources */ = {isa = PBXBuildFile; fileRef = 1884A3F922BE2789000F20A1 /* YHDataStructureAndAlgorithmUITests.m */; };
		1884A44F22BE2928000F20A1 /* YHVisitor.m in Sources */ = {isa = PBXBuildFile; fileRef = 1884A41122BE2928000F20A1 /* YHVisitor.m */; };
		1884A45022BE2928000F20A1 /* YHBinaryTree.m in Sources */ = {isa = PBXBuildFile; fileRef = 1884A41222BE2928000F20A1 /* YHBinaryTree.m */; };
		1884A45122BE2928000F20A1 /* YHBNote.m in Sources */ = {isa = PBXBuildFile; fileRef = 1884A41322BE2928000F20A1 /* YHBNote.m */; };
		1884A45222BE2928000F20A1 /* YHComparator.m in Sources */ = {isa = PBXBuildFile; fileRef = 1884A41522BE2928000F20A1 /* YHComparator.m */; };
		1884A45322BE2928000F20A1 /* YHAVLNote.m in Sources */ = {isa = PBXBuildFile; fileRef = 1884A41822BE2928000F20A1 /* YHAVLNote.m */; };
		1884A45422BE2928000F20A1 /* YHAVLTree.m in Sources */ = {isa = PBXBuildFile; fileRef = 1884A41A22BE2928000F20A1 /* YHAVLTree.m */; };
		1884A45522BE2928000F20A1 /* YHBinarySearchTree.m in Sources */ = {isa = PBXBuildFile; fileRef = 1884A41E22BE2928000F20A1 /* YHBinarySearchTree.m */; };
		1884A45622BE2928000F20A1 /* YHBalanceBinarySearchTree.m in Sources */ = {isa = PBXBuildFile; fileRef = 1884A42022BE2928000F20A1 /* YHBalanceBinarySearchTree.m */; };
		1884A45722BE2928000F20A1 /* YHLeetCode.m in Sources */ = {isa = PBXBuildFile; fileRef = 1884A42322BE2928000F20A1 /* YHLeetCode.m */; };
		1884A45822BE2928000F20A1 /* YHDoubleLoopLinked.m in Sources */ = {isa = PBXBuildFile; fileRef = 1884A42822BE2928000F20A1 /* YHDoubleLoopLinked.m */; };
		1884A45922BE2928000F20A1 /* YHJosephusLinked.m in Sources */ = {isa = PBXBuildFile; fileRef = 1884A42B22BE2928000F20A1 /* YHJosephusLinked.m */; };
		1884A45A22BE2928000F20A1 /* YHDoubleLinked.m in Sources */ = {isa = PBXBuildFile; fileRef = 1884A42E22BE2928000F20A1 /* YHDoubleLinked.m */; };
		1884A45B22BE2928000F20A1 /* YHBaseLinked.m in Sources */ = {isa = PBXBuildFile; fileRef = 1884A43122BE2928000F20A1 /* YHBaseLinked.m */; };
		1884A45C22BE2928000F20A1 /* YHNote.m in Sources */ = {isa = PBXBuildFile; fileRef = 1884A43222BE2928000F20A1 /* YHNote.m */; };
		1884A45D22BE2928000F20A1 /* YHOneLoopLinked.m in Sources */ = {isa = PBXBuildFile; fileRef = 1884A43522BE2928000F20A1 /* YHOneLoopLinked.m */; };
		1884A45E22BE2928000F20A1 /* YHOneLinked.m in Sources */ = {isa = PBXBuildFile; fileRef = 1884A43822BE2928000F20A1 /* YHOneLinked.m */; };
		1884A45F22BE2928000F20A1 /* YHQueue.m in Sources */ = {isa = PBXBuildFile; fileRef = 1884A43B22BE2928000F20A1 /* YHQueue.m */; };
		1884A46022BE2928000F20A1 /* YHDoubleQueue.m in Sources */ = {isa = PBXBuildFile; fileRef = 1884A43D22BE2928000F20A1 /* YHDoubleQueue.m */; };
		1884A46122BE2928000F20A1 /* YHStack.m in Sources */ = {isa = PBXBuildFile; fileRef = 1884A44022BE2928000F20A1 /* YHStack.m */; };
		1884A46222BE2928000F20A1 /* MJInorderPrinter.m in Sources */ = {isa = PBXBuildFile; fileRef = 1884A44622BE2928000F20A1 /* MJInorderPrinter.m */; };
		1884A46322BE2928000F20A1 /* MJLevelOrderPrinter.m in Sources */ = {isa = PBXBuildFile; fileRef = 1884A44822BE2928000F20A1 /* MJLevelOrderPrinter.m */; };
		1884A46422BE2928000F20A1 /* MJPrinter.m in Sources */ = {isa = PBXBuildFile; fileRef = 1884A44922BE2928000F20A1 /* MJPrinter.m */; };
		1884A46522BE2928000F20A1 /* MJBinaryTrees.m in Sources */ = {isa = PBXBuildFile; fileRef = 1884A44D22BE2928000F20A1 /* MJBinaryTrees.m */; };
		1884A46622BE2928000F20A1 /* NSString+Trees.m in Sources */ = {isa = PBXBuildFile; fileRef = 1884A44E22BE2928000F20A1 /* NSString+Trees.m */; };
		84072A902590CFD10074D1DF /* YHHighFrequency.m in Sources */ = {isa = PBXBuildFile; fileRef = 84072A8F2590CFD10074D1DF /* YHHighFrequency.m */; };
		84072D21259464CA0074D1DF /* YHLRUCache.m in Sources */ = {isa = PBXBuildFile; fileRef = 84072D20259464CA0074D1DF /* YHLRUCache.m */; };
		841F679D25394CCE00D30A7D /* YHRecursive.m in Sources */ = {isa = PBXBuildFile; fileRef = 841F679C25394CCE00D30A7D /* YHRecursive.m */; };
		8448DCBB257B21F0008029B9 /* YHMinStack.m in Sources */ = {isa = PBXBuildFile; fileRef = 8448DCBA257B21F0008029B9 /* YHMinStack.m */; };
		8448DCC1257B28D3008029B9 /* YHMinNodeStack.m in Sources */ = {isa = PBXBuildFile; fileRef = 8448DCC0257B28D3008029B9 /* YHMinNodeStack.m */; };
		845E64FC25499BA100441C43 /* YHDynamicProgramming.m in Sources */ = {isa = PBXBuildFile; fileRef = 845E64FB25499BA100441C43 /* YHDynamicProgramming.m */; };
		8466D795258DAE0700406507 /* YHQuestionDFS.m in Sources */ = {isa = PBXBuildFile; fileRef = 8466D794258DAE0700406507 /* YHQuestionDFS.m */; };
		8466D79B258DD02400406507 /* YHQuestionArraySort.m in Sources */ = {isa = PBXBuildFile; fileRef = 8466D79A258DD02400406507 /* YHQuestionArraySort.m */; };
		8466D7A1258DD09200406507 /* YHQuestionLinked.m in Sources */ = {isa = PBXBuildFile; fileRef = 8466D7A0258DD09100406507 /* YHQuestionLinked.m */; };
		8466D7A7258DD14C00406507 /* YHQuestionStackAndQueue.m in Sources */ = {isa = PBXBuildFile; fileRef = 8466D7A6258DD14C00406507 /* YHQuestionStackAndQueue.m */; };
		8466D7AD258DD1D600406507 /* YHNode.m in Sources */ = {isa = PBXBuildFile; fileRef = 8466D7AC258DD1D600406507 /* YHNode.m */; };
		8466D7B3258DD3CA00406507 /* YHQuestionString.m in Sources */ = {isa = PBXBuildFile; fileRef = 8466D7B2258DD3CA00406507 /* YHQuestionString.m */; };
		8466D7B9258DD43A00406507 /* YHQuestionDynamicProgramming.m in Sources */ = {isa = PBXBuildFile; fileRef = 8466D7B8258DD43A00406507 /* YHQuestionDynamicProgramming.m */; };
		8466D7C2258DD48700406507 /* YHQuestionBinaryTree.m in Sources */ = {isa = PBXBuildFile; fileRef = 8466D7C1258DD48700406507 /* YHQuestionBinaryTree.m */; };
		84756E0A255924AE00660783 /* YHSkipComparator.m in Sources */ = {isa = PBXBuildFile; fileRef = 84756E09255924AE00660783 /* YHSkipComparator.m */; };
		84756E0E255A385E00660783 /* YHB+Tree.m in Sources */ = {isa = PBXBuildFile; fileRef = 84756E0D255A385E00660783 /* YHB+Tree.m */; };
		84756E12255A5FE200660783 /* YHSequence.m in Sources */ = {isa = PBXBuildFile; fileRef = 84756E11255A5FE200660783 /* YHSequence.m */; };
		84756E6F255E74A200660783 /* YHSort.m in Sources */ = {isa = PBXBuildFile; fileRef = 84756E6E255E74A200660783 /* YHSort.m */; };
		84756E72255E991E00660783 /* YHBubbleSort.m in Sources */ = {isa = PBXBuildFile; fileRef = 84756E71255E991E00660783 /* YHBubbleSort.m */; };
		84756E75255E9A4B00660783 /* YHSelectionSort.m in Sources */ = {isa = PBXBuildFile; fileRef = 84756E74255E9A4B00660783 /* YHSelectionSort.m */; };
		84756E782562B39500660783 /* YHHeapSort.m in Sources */ = {isa = PBXBuildFile; fileRef = 84756E772562B39500660783 /* YHHeapSort.m */; };
		84756E932564015C00660783 /* YHInsertionSort.m in Sources */ = {isa = PBXBuildFile; fileRef = 84756E922564015C00660783 /* YHInsertionSort.m */; };
		84756E972565128A00660783 /* YHBinarySearch.m in Sources */ = {isa = PBXBuildFile; fileRef = 84756E962565128A00660783 /* YHBinarySearch.m */; };
		84756E9A256525C100660783 /* YHMergeSort.m in Sources */ = {isa = PBXBuildFile; fileRef = 84756E99256525C100660783 /* YHMergeSort.m */; };
		84756EA325666A2500660783 /* YHQuickSort.m in Sources */ = {isa = PBXBuildFile; fileRef = 84756EA225666A2500660783 /* YHQuickSort.m */; };
		84756EA6256697D200660783 /* YHShellSort.m in Sources */ = {isa = PBXBuildFile; fileRef = 84756EA5256697D200660783 /* YHShellSort.m */; };
		84756EA92567675600660783 /* YHTimSort.m in Sources */ = {isa = PBXBuildFile; fileRef = 84756EA82567675600660783 /* YHTimSort.m */; };
		84756EAC2567750100660783 /* YHCountingSort.m in Sources */ = {isa = PBXBuildFile; fileRef = 84756EAB2567750100660783 /* YHCountingSort.m */; };
		848333CA2552EB230094CF1C /* YHBloomFilter.m in Sources */ = {isa = PBXBuildFile; fileRef = 848333C92552EB230094CF1C /* YHBloomFilter.m */; };
		8483341525568A340094CF1C /* YHSkipList.m in Sources */ = {isa = PBXBuildFile; fileRef = 8483341425568A340094CF1C /* YHSkipList.m */; };
		8487E1E72534969200D72501 /* YHUnionFind.m in Sources */ = {isa = PBXBuildFile; fileRef = 8487E1D92534969100D72501 /* YHUnionFind.m */; };
		8487E1E82534969200D72501 /* YHQuickFind.m in Sources */ = {isa = PBXBuildFile; fileRef = 8487E1DC2534969100D72501 /* YHQuickFind.m */; };
		8487E1E92534969200D72501 /* YHQuickUnionRankPathCompress.m in Sources */ = {isa = PBXBuildFile; fileRef = 8487E1DE2534969100D72501 /* YHQuickUnionRankPathCompress.m */; };
		8487E1EA2534969200D72501 /* YHQuickUnionRankPathSpliting.m in Sources */ = {isa = PBXBuildFile; fileRef = 8487E1DF2534969100D72501 /* YHQuickUnionRankPathSpliting.m */; };
		8487E1EB2534969200D72501 /* YHQuickUnionRank.m in Sources */ = {isa = PBXBuildFile; fileRef = 8487E1E02534969100D72501 /* YHQuickUnionRank.m */; };
		8487E1EC2534969200D72501 /* YHQuickUnion.m in Sources */ = {isa = PBXBuildFile; fileRef = 8487E1E12534969100D72501 /* YHQuickUnion.m */; };
		8487E1ED2534969200D72501 /* YHQuickUnionRankPathHalving.m in Sources */ = {isa = PBXBuildFile; fileRef = 8487E1E22534969100D72501 /* YHQuickUnionRankPathHalving.m */; };
		8487E1EE2534969200D72501 /* YHUFNode.m in Sources */ = {isa = PBXBuildFile; fileRef = 8487E1E42534969100D72501 /* YHUFNode.m */; };
		8487E1EF2534969200D72501 /* YHQuickUnionSize.m in Sources */ = {isa = PBXBuildFile; fileRef = 8487E1E52534969100D72501 /* YHQuickUnionSize.m */; };
		84C7C1BE2567CB5E00268471 /* YHDog.m in Sources */ = {isa = PBXBuildFile; fileRef = 84C7C1BD2567CB5E00268471 /* YHDog.m */; };
		84C7C1C12567CD5400268471 /* YHRadixSort.m in Sources */ = {isa = PBXBuildFile; fileRef = 84C7C1C02567CD5400268471 /* YHRadixSort.m */; };
		84C7C1C42567F86300268471 /* YHBucketSort.m in Sources */ = {isa = PBXBuildFile; fileRef = 84C7C1C32567F86300268471 /* YHBucketSort.m */; };
		84CE825C253EB3570088EF36 /* YHBackTracking.m in Sources */ = {isa = PBXBuildFile; fileRef = 84CE825B253EB3570088EF36 /* YHBackTracking.m */; };
		84CE8260254040520088EF36 /* YHGreedy.m in Sources */ = {isa = PBXBuildFile; fileRef = 84CE825F254040520088EF36 /* YHGreedy.m */; };
		84FAEE7D2520A03E0099C0BA /* YHListGraph.m in Sources */ = {isa = PBXBuildFile; fileRef = 84FAEE792520A03E0099C0BA /* YHListGraph.m */; };
		84FAEE7E2520A03E0099C0BA /* YHGraph.m in Sources */ = {isa = PBXBuildFile; fileRef = 84FAEE7C2520A03E0099C0BA /* YHGraph.m */; };
		84FAEE8225232ABA0099C0BA /* YHHeap.m in Sources */ = {isa = PBXBuildFile; fileRef = 84FAEE8125232ABA0099C0BA /* YHHeap.m */; };
		84FAEE8525232BF10099C0BA /* YHBinaryHeap.m in Sources */ = {isa = PBXBuildFile; fileRef = 84FAEE8425232BF10099C0BA /* YHBinaryHeap.m */; };
		F0FDCA9422C227540020BB60 /* YHRBTree.m in Sources */ = {isa = PBXBuildFile; fileRef = F0FDCA9322C227540020BB60 /* YHRBTree.m */; };
		F0FDCA9722C227740020BB60 /* YHRBNote.m in Sources */ = {isa = PBXBuildFile; fileRef = F0FDCA9622C227740020BB60 /* YHRBNote.m */; };
		F0FDCAEF22C9E0AD0020BB60 /* YHTreeSet.m in Sources */ = {isa = PBXBuildFile; fileRef = F0FDCAEE22C9E0AD0020BB60 /* YHTreeSet.m */; };
		F0FDCAF222C9E3A80020BB60 /* YHLinkSet.m in Sources */ = {isa = PBXBuildFile; fileRef = F0FDCAF122C9E3A80020BB60 /* YHLinkSet.m */; };
		F0FDCAF522C9EBEF0020BB60 /* YHHashMap.m in Sources */ = {isa = PBXBuildFile; fileRef = F0FDCAF422C9EBEF0020BB60 /* YHHashMap.m */; };
		F0FDCAF922CA01B20020BB60 /* YHInterview.m in Sources */ = {isa = PBXBuildFile; fileRef = F0FDCAF822CA01B20020BB60 /* YHInterview.m */; };
/* End PBXBuildFile section */

/* Begin PBXContainerItemProxy section */
		1884A3EB22BE2789000F20A1 /* PBXContainerItemProxy */ = {
			isa = PBXContainerItemProxy;
			containerPortal = 1884A3CA22BE2787000F20A1 /* Project object */;
			proxyType = 1;
			remoteGlobalIDString = 1884A3D122BE2787000F20A1;
			remoteInfo = YHDataStructureAndAlgorithm;
		};
		1884A3F622BE2789000F20A1 /* PBXContainerItemProxy */ = {
			isa = PBXContainerItemProxy;
			containerPortal = 1884A3CA22BE2787000F20A1 /* Project object */;
			proxyType = 1;
			remoteGlobalIDString = 1884A3D122BE2787000F20A1;
			remoteInfo = YHDataStructureAndAlgorithm;
		};
/* End PBXContainerItemProxy section */

/* Begin PBXFileReference section */
		1884A3D222BE2787000F20A1 /* YHDataStructureAndAlgorithm.app */ = {isa = PBXFileReference; explicitFileType = wrapper.application; includeInIndex = 0; path = YHDataStructureAndAlgorithm.app; sourceTree = BUILT_PRODUCTS_DIR; };
		1884A3D522BE2787000F20A1 /* AppDelegate.h */ = {isa = PBXFileReference; lastKnownFileType = sourcecode.c.h; path = AppDelegate.h; sourceTree = "<group>"; };
		1884A3D622BE2787000F20A1 /* AppDelegate.m */ = {isa = PBXFileReference; lastKnownFileType = sourcecode.c.objc; path = AppDelegate.m; sourceTree = "<group>"; };
		1884A3D822BE2787000F20A1 /* ViewController.h */ = {isa = PBXFileReference; lastKnownFileType = sourcecode.c.h; path = ViewController.h; sourceTree = "<group>"; };
		1884A3D922BE2787000F20A1 /* ViewController.m */ = {isa = PBXFileReference; lastKnownFileType = sourcecode.c.objc; path = ViewController.m; sourceTree = "<group>"; };
		1884A3DC22BE2787000F20A1 /* Base */ = {isa = PBXFileReference; lastKnownFileType = file.storyboard; name = Base; path = Base.lproj/Main.storyboard; sourceTree = "<group>"; };
		1884A3DE22BE2789000F20A1 /* Assets.xcassets */ = {isa = PBXFileReference; lastKnownFileType = folder.assetcatalog; path = Assets.xcassets; sourceTree = "<group>"; };
		1884A3E122BE2789000F20A1 /* Base */ = {isa = PBXFileReference; lastKnownFileType = file.storyboard; name = Base; path = Base.lproj/LaunchScreen.storyboard; sourceTree = "<group>"; };
		1884A3E322BE2789000F20A1 /* Info.plist */ = {isa = PBXFileReference; lastKnownFileType = text.plist.xml; path = Info.plist; sourceTree = "<group>"; };
		1884A3E422BE2789000F20A1 /* main.m */ = {isa = PBXFileReference; lastKnownFileType = sourcecode.c.objc; path = main.m; sourceTree = "<group>"; };
		1884A3EA22BE2789000F20A1 /* YHDataStructureAndAlgorithmTests.xctest */ = {isa = PBXFileReference; explicitFileType = wrapper.cfbundle; includeInIndex = 0; path = YHDataStructureAndAlgorithmTests.xctest; sourceTree = BUILT_PRODUCTS_DIR; };
		1884A3EE22BE2789000F20A1 /* YHDataStructureAndAlgorithmTests.m */ = {isa = PBXFileReference; lastKnownFileType = sourcecode.c.objc; path = YHDataStructureAndAlgorithmTests.m; sourceTree = "<group>"; };
		1884A3F022BE2789000F20A1 /* Info.plist */ = {isa = PBXFileReference; lastKnownFileType = text.plist.xml; path = Info.plist; sourceTree = "<group>"; };
		1884A3F522BE2789000F20A1 /* YHDataStructureAndAlgorithmUITests.xctest */ = {isa = PBXFileReference; explicitFileType = wrapper.cfbundle; includeInIndex = 0; path = YHDataStructureAndAlgorithmUITests.xctest; sourceTree = BUILT_PRODUCTS_DIR; };
		1884A3F922BE2789000F20A1 /* YHDataStructureAndAlgorithmUITests.m */ = {isa = PBXFileReference; lastKnownFileType = sourcecode.c.objc; path = YHDataStructureAndAlgorithmUITests.m; sourceTree = "<group>"; };
		1884A3FB22BE2789000F20A1 /* Info.plist */ = {isa = PBXFileReference; lastKnownFileType = text.plist.xml; path = Info.plist; sourceTree = "<group>"; };
		1884A40E22BE2928000F20A1 /* YHBNote.h */ = {isa = PBXFileReference; fileEncoding = 4; lastKnownFileType = sourcecode.c.h; path = YHBNote.h; sourceTree = "<group>"; };
		1884A40F22BE2928000F20A1 /* YHBinaryTree.h */ = {isa = PBXFileReference; fileEncoding = 4; lastKnownFileType = sourcecode.c.h; path = YHBinaryTree.h; sourceTree = "<group>"; };
		1884A41022BE2928000F20A1 /* YHComparator.h */ = {isa = PBXFileReference; fileEncoding = 4; lastKnownFileType = sourcecode.c.h; path = YHComparator.h; sourceTree = "<group>"; };
		1884A41122BE2928000F20A1 /* YHVisitor.m */ = {isa = PBXFileReference; fileEncoding = 4; lastKnownFileType = sourcecode.c.objc; path = YHVisitor.m; sourceTree = "<group>"; };
		1884A41222BE2928000F20A1 /* YHBinaryTree.m */ = {isa = PBXFileReference; fileEncoding = 4; lastKnownFileType = sourcecode.c.objc; path = YHBinaryTree.m; sourceTree = "<group>"; };
		1884A41322BE2928000F20A1 /* YHBNote.m */ = {isa = PBXFileReference; fileEncoding = 4; lastKnownFileType = sourcecode.c.objc; path = YHBNote.m; sourceTree = "<group>"; };
		1884A41422BE2928000F20A1 /* YHVisitor.h */ = {isa = PBXFileReference; fileEncoding = 4; lastKnownFileType = sourcecode.c.h; path = YHVisitor.h; sourceTree = "<group>"; };
		1884A41522BE2928000F20A1 /* YHComparator.m */ = {isa = PBXFileReference; fileEncoding = 4; lastKnownFileType = sourcecode.c.objc; path = YHComparator.m; sourceTree = "<group>"; };
		1884A41722BE2928000F20A1 /* YHAVLTree.h */ = {isa = PBXFileReference; fileEncoding = 4; lastKnownFileType = sourcecode.c.h; path = YHAVLTree.h; sourceTree = "<group>"; };
		1884A41822BE2928000F20A1 /* YHAVLNote.m */ = {isa = PBXFileReference; fileEncoding = 4; lastKnownFileType = sourcecode.c.objc; path = YHAVLNote.m; sourceTree = "<group>"; };
		1884A41922BE2928000F20A1 /* YHAVLNote.h */ = {isa = PBXFileReference; fileEncoding = 4; lastKnownFileType = sourcecode.c.h; path = YHAVLNote.h; sourceTree = "<group>"; };
		1884A41A22BE2928000F20A1 /* YHAVLTree.m */ = {isa = PBXFileReference; fileEncoding = 4; lastKnownFileType = sourcecode.c.objc; path = YHAVLTree.m; sourceTree = "<group>"; };
		1884A41D22BE2928000F20A1 /* YHBinarySearchTree.h */ = {isa = PBXFileReference; fileEncoding = 4; lastKnownFileType = sourcecode.c.h; path = YHBinarySearchTree.h; sourceTree = "<group>"; };
		1884A41E22BE2928000F20A1 /* YHBinarySearchTree.m */ = {isa = PBXFileReference; fileEncoding = 4; lastKnownFileType = sourcecode.c.objc; path = YHBinarySearchTree.m; sourceTree = "<group>"; };
		1884A42022BE2928000F20A1 /* YHBalanceBinarySearchTree.m */ = {isa = PBXFileReference; fileEncoding = 4; lastKnownFileType = sourcecode.c.objc; path = YHBalanceBinarySearchTree.m; sourceTree = "<group>"; };
		1884A42122BE2928000F20A1 /* YHBalanceBinarySearchTree.h */ = {isa = PBXFileReference; fileEncoding = 4; lastKnownFileType = sourcecode.c.h; path = YHBalanceBinarySearchTree.h; sourceTree = "<group>"; };
		1884A42322BE2928000F20A1 /* YHLeetCode.m */ = {isa = PBXFileReference; fileEncoding = 4; lastKnownFileType = sourcecode.c.objc; path = YHLeetCode.m; sourceTree = "<group>"; };
		1884A42422BE2928000F20A1 /* YHLeetCode.h */ = {isa = PBXFileReference; fileEncoding = 4; lastKnownFileType = sourcecode.c.h; path = YHLeetCode.h; sourceTree = "<group>"; };
		1884A42722BE2928000F20A1 /* YHDoubleLoopLinked.h */ = {isa = PBXFileReference; fileEncoding = 4; lastKnownFileType = sourcecode.c.h; path = YHDoubleLoopLinked.h; sourceTree = "<group>"; };
		1884A42822BE2928000F20A1 /* YHDoubleLoopLinked.m */ = {isa = PBXFileReference; fileEncoding = 4; lastKnownFileType = sourcecode.c.objc; path = YHDoubleLoopLinked.m; sourceTree = "<group>"; };
		1884A42A22BE2928000F20A1 /* YHJosephusLinked.h */ = {isa = PBXFileReference; fileEncoding = 4; lastKnownFileType = sourcecode.c.h; path = YHJosephusLinked.h; sourceTree = "<group>"; };
		1884A42B22BE2928000F20A1 /* YHJosephusLinked.m */ = {isa = PBXFileReference; fileEncoding = 4; lastKnownFileType = sourcecode.c.objc; path = YHJosephusLinked.m; sourceTree = "<group>"; };
		1884A42D22BE2928000F20A1 /* YHDoubleLinked.h */ = {isa = PBXFileReference; fileEncoding = 4; lastKnownFileType = sourcecode.c.h; path = YHDoubleLinked.h; sourceTree = "<group>"; };
		1884A42E22BE2928000F20A1 /* YHDoubleLinked.m */ = {isa = PBXFileReference; fileEncoding = 4; lastKnownFileType = sourcecode.c.objc; path = YHDoubleLinked.m; sourceTree = "<group>"; };
		1884A43022BE2928000F20A1 /* YHNote.h */ = {isa = PBXFileReference; fileEncoding = 4; lastKnownFileType = sourcecode.c.h; path = YHNote.h; sourceTree = "<group>"; };
		1884A43122BE2928000F20A1 /* YHBaseLinked.m */ = {isa = PBXFileReference; fileEncoding = 4; lastKnownFileType = sourcecode.c.objc; path = YHBaseLinked.m; sourceTree = "<group>"; };
		1884A43222BE2928000F20A1 /* YHNote.m */ = {isa = PBXFileReference; fileEncoding = 4; lastKnownFileType = sourcecode.c.objc; path = YHNote.m; sourceTree = "<group>"; };
		1884A43322BE2928000F20A1 /* YHBaseLinked.h */ = {isa = PBXFileReference; fileEncoding = 4; lastKnownFileType = sourcecode.c.h; path = YHBaseLinked.h; sourceTree = "<group>"; };
		1884A43522BE2928000F20A1 /* YHOneLoopLinked.m */ = {isa = PBXFileReference; fileEncoding = 4; lastKnownFileType = sourcecode.c.objc; path = YHOneLoopLinked.m; sourceTree = "<group>"; };
		1884A43622BE2928000F20A1 /* YHOneLoopLinked.h */ = {isa = PBXFileReference; fileEncoding = 4; lastKnownFileType = sourcecode.c.h; path = YHOneLoopLinked.h; sourceTree = "<group>"; };
		1884A43822BE2928000F20A1 /* YHOneLinked.m */ = {isa = PBXFileReference; fileEncoding = 4; lastKnownFileType = sourcecode.c.objc; path = YHOneLinked.m; sourceTree = "<group>"; };
		1884A43922BE2928000F20A1 /* YHOneLinked.h */ = {isa = PBXFileReference; fileEncoding = 4; lastKnownFileType = sourcecode.c.h; path = YHOneLinked.h; sourceTree = "<group>"; };
		1884A43B22BE2928000F20A1 /* YHQueue.m */ = {isa = PBXFileReference; fileEncoding = 4; lastKnownFileType = sourcecode.c.objc; path = YHQueue.m; sourceTree = "<group>"; };
		1884A43C22BE2928000F20A1 /* YHDoubleQueue.h */ = {isa = PBXFileReference; fileEncoding = 4; lastKnownFileType = sourcecode.c.h; path = YHDoubleQueue.h; sourceTree = "<group>"; };
		1884A43D22BE2928000F20A1 /* YHDoubleQueue.m */ = {isa = PBXFileReference; fileEncoding = 4; lastKnownFileType = sourcecode.c.objc; path = YHDoubleQueue.m; sourceTree = "<group>"; };
		1884A43E22BE2928000F20A1 /* YHQueue.h */ = {isa = PBXFileReference; fileEncoding = 4; lastKnownFileType = sourcecode.c.h; path = YHQueue.h; sourceTree = "<group>"; };
		1884A44022BE2928000F20A1 /* YHStack.m */ = {isa = PBXFileReference; fileEncoding = 4; lastKnownFileType = sourcecode.c.objc; path = YHStack.m; sourceTree = "<group>"; };
		1884A44122BE2928000F20A1 /* YHStack.h */ = {isa = PBXFileReference; fileEncoding = 4; lastKnownFileType = sourcecode.c.h; path = YHStack.h; sourceTree = "<group>"; };
		1884A44322BE2928000F20A1 /* MJBinaryTrees.h */ = {isa = PBXFileReference; fileEncoding = 4; lastKnownFileType = sourcecode.c.h; path = MJBinaryTrees.h; sourceTree = "<group>"; };
		1884A44522BE2928000F20A1 /* MJLevelOrderPrinter.h */ = {isa = PBXFileReference; fileEncoding = 4; lastKnownFileType = sourcecode.c.h; path = MJLevelOrderPrinter.h; sourceTree = "<group>"; };
		1884A44622BE2928000F20A1 /* MJInorderPrinter.m */ = {isa = PBXFileReference; fileEncoding = 4; lastKnownFileType = sourcecode.c.objc; path = MJInorderPrinter.m; sourceTree = "<group>"; };
		1884A44722BE2928000F20A1 /* MJPrinter.h */ = {isa = PBXFileReference; fileEncoding = 4; lastKnownFileType = sourcecode.c.h; path = MJPrinter.h; sourceTree = "<group>"; };
		1884A44822BE2928000F20A1 /* MJLevelOrderPrinter.m */ = {isa = PBXFileReference; fileEncoding = 4; lastKnownFileType = sourcecode.c.objc; path = MJLevelOrderPrinter.m; sourceTree = "<group>"; };
		1884A44922BE2928000F20A1 /* MJPrinter.m */ = {isa = PBXFileReference; fileEncoding = 4; lastKnownFileType = sourcecode.c.objc; path = MJPrinter.m; sourceTree = "<group>"; };
		1884A44A22BE2928000F20A1 /* MJInorderPrinter.h */ = {isa = PBXFileReference; fileEncoding = 4; lastKnownFileType = sourcecode.c.h; path = MJInorderPrinter.h; sourceTree = "<group>"; };
		1884A44B22BE2928000F20A1 /* NSString+Trees.h */ = {isa = PBXFileReference; fileEncoding = 4; lastKnownFileType = sourcecode.c.h; path = "NSString+Trees.h"; sourceTree = "<group>"; };
		1884A44C22BE2928000F20A1 /* MJBinaryTreeInfo.h */ = {isa = PBXFileReference; fileEncoding = 4; lastKnownFileType = sourcecode.c.h; path = MJBinaryTreeInfo.h; sourceTree = "<group>"; };
		1884A44D22BE2928000F20A1 /* MJBinaryTrees.m */ = {isa = PBXFileReference; fileEncoding = 4; lastKnownFileType = sourcecode.c.objc; path = MJBinaryTrees.m; sourceTree = "<group>"; };
		1884A44E22BE2928000F20A1 /* NSString+Trees.m */ = {isa = PBXFileReference; fileEncoding = 4; lastKnownFileType = sourcecode.c.objc; path = "NSString+Trees.m"; sourceTree = "<group>"; };
		84072A8E2590CFD10074D1DF /* YHHighFrequency.h */ = {isa = PBXFileReference; lastKnownFileType = sourcecode.c.h; path = YHHighFrequency.h; sourceTree = "<group>"; };
		84072A8F2590CFD10074D1DF /* YHHighFrequency.m */ = {isa = PBXFileReference; lastKnownFileType = sourcecode.c.objc; path = YHHighFrequency.m; sourceTree = "<group>"; };
		84072D1F259464CA0074D1DF /* YHLRUCache.h */ = {isa = PBXFileReference; lastKnownFileType = sourcecode.c.h; path = YHLRUCache.h; sourceTree = "<group>"; };
		84072D20259464CA0074D1DF /* YHLRUCache.m */ = {isa = PBXFileReference; lastKnownFileType = sourcecode.c.objc; path = YHLRUCache.m; sourceTree = "<group>"; };
		841F679B25394CCE00D30A7D /* YHRecursive.h */ = {isa = PBXFileReference; lastKnownFileType = sourcecode.c.h; path = YHRecursive.h; sourceTree = "<group>"; };
		841F679C25394CCE00D30A7D /* YHRecursive.m */ = {isa = PBXFileReference; lastKnownFileType = sourcecode.c.objc; path = YHRecursive.m; sourceTree = "<group>"; };
		8448DCB9257B21F0008029B9 /* YHMinStack.h */ = {isa = PBXFileReference; lastKnownFileType = sourcecode.c.h; path = YHMinStack.h; sourceTree = "<group>"; };
		8448DCBA257B21F0008029B9 /* YHMinStack.m */ = {isa = PBXFileReference; lastKnownFileType = sourcecode.c.objc; path = YHMinStack.m; sourceTree = "<group>"; };
		8448DCBF257B28D3008029B9 /* YHMinNodeStack.h */ = {isa = PBXFileReference; lastKnownFileType = sourcecode.c.h; path = YHMinNodeStack.h; sourceTree = "<group>"; };
		8448DCC0257B28D3008029B9 /* YHMinNodeStack.m */ = {isa = PBXFileReference; lastKnownFileType = sourcecode.c.objc; path = YHMinNodeStack.m; sourceTree = "<group>"; };
		845E64FA25499BA100441C43 /* YHDynamicProgramming.h */ = {isa = PBXFileReference; lastKnownFileType = sourcecode.c.h; path = YHDynamicProgramming.h; sourceTree = "<group>"; };
		845E64FB25499BA100441C43 /* YHDynamicProgramming.m */ = {isa = PBXFileReference; lastKnownFileType = sourcecode.c.objc; path = YHDynamicProgramming.m; sourceTree = "<group>"; };
		8466D793258DAE0700406507 /* YHQuestionDFS.h */ = {isa = PBXFileReference; lastKnownFileType = sourcecode.c.h; path = YHQuestionDFS.h; sourceTree = "<group>"; };
		8466D794258DAE0700406507 /* YHQuestionDFS.m */ = {isa = PBXFileReference; lastKnownFileType = sourcecode.c.objc; path = YHQuestionDFS.m; sourceTree = "<group>"; };
		8466D799258DD02400406507 /* YHQuestionArraySort.h */ = {isa = PBXFileReference; lastKnownFileType = sourcecode.c.h; path = YHQuestionArraySort.h; sourceTree = "<group>"; };
		8466D79A258DD02400406507 /* YHQuestionArraySort.m */ = {isa = PBXFileReference; lastKnownFileType = sourcecode.c.objc; path = YHQuestionArraySort.m; sourceTree = "<group>"; };
		8466D79F258DD09100406507 /* YHQuestionLinked.h */ = {isa = PBXFileReference; lastKnownFileType = sourcecode.c.h; path = YHQuestionLinked.h; sourceTree = "<group>"; };
		8466D7A0258DD09100406507 /* YHQuestionLinked.m */ = {isa = PBXFileReference; lastKnownFileType = sourcecode.c.objc; path = YHQuestionLinked.m; sourceTree = "<group>"; };
		8466D7A5258DD14C00406507 /* YHQuestionStackAndQueue.h */ = {isa = PBXFileReference; lastKnownFileType = sourcecode.c.h; path = YHQuestionStackAndQueue.h; sourceTree = "<group>"; };
		8466D7A6258DD14C00406507 /* YHQuestionStackAndQueue.m */ = {isa = PBXFileReference; lastKnownFileType = sourcecode.c.objc; path = YHQuestionStackAndQueue.m; sourceTree = "<group>"; };
		8466D7AB258DD1D600406507 /* YHNode.h */ = {isa = PBXFileReference; lastKnownFileType = sourcecode.c.h; path = YHNode.h; sourceTree = "<group>"; };
		8466D7AC258DD1D600406507 /* YHNode.m */ = {isa = PBXFileReference; lastKnownFileType = sourcecode.c.objc; path = YHNode.m; sourceTree = "<group>"; };
		8466D7B1258DD3CA00406507 /* YHQuestionString.h */ = {isa = PBXFileReference; lastKnownFileType = sourcecode.c.h; path = YHQuestionString.h; sourceTree = "<group>"; };
		8466D7B2258DD3CA00406507 /* YHQuestionString.m */ = {isa = PBXFileReference; lastKnownFileType = sourcecode.c.objc; path = YHQuestionString.m; sourceTree = "<group>"; };
		8466D7B7258DD43A00406507 /* YHQuestionDynamicProgramming.h */ = {isa = PBXFileReference; lastKnownFileType = sourcecode.c.h; path = YHQuestionDynamicProgramming.h; sourceTree = "<group>"; };
		8466D7B8258DD43A00406507 /* YHQuestionDynamicProgramming.m */ = {isa = PBXFileReference; lastKnownFileType = sourcecode.c.objc; path = YHQuestionDynamicProgramming.m; sourceTree = "<group>"; };
		8466D7C0258DD48700406507 /* YHQuestionBinaryTree.h */ = {isa = PBXFileReference; lastKnownFileType = sourcecode.c.h; path = YHQuestionBinaryTree.h; sourceTree = "<group>"; };
		8466D7C1258DD48700406507 /* YHQuestionBinaryTree.m */ = {isa = PBXFileReference; lastKnownFileType = sourcecode.c.objc; path = YHQuestionBinaryTree.m; sourceTree = "<group>"; };
		84756E08255924AE00660783 /* YHSkipComparator.h */ = {isa = PBXFileReference; lastKnownFileType = sourcecode.c.h; path = YHSkipComparator.h; sourceTree = "<group>"; };
		84756E09255924AE00660783 /* YHSkipComparator.m */ = {isa = PBXFileReference; lastKnownFileType = sourcecode.c.objc; path = YHSkipComparator.m; sourceTree = "<group>"; };
		84756E0C255A385E00660783 /* YHB+Tree.h */ = {isa = PBXFileReference; lastKnownFileType = sourcecode.c.h; path = "YHB+Tree.h"; sourceTree = "<group>"; };
		84756E0D255A385E00660783 /* YHB+Tree.m */ = {isa = PBXFileReference; lastKnownFileType = sourcecode.c.objc; path = "YHB+Tree.m"; sourceTree = "<group>"; };
		84756E10255A5FE200660783 /* YHSequence.h */ = {isa = PBXFileReference; lastKnownFileType = sourcecode.c.h; path = YHSequence.h; sourceTree = "<group>"; };
		84756E11255A5FE200660783 /* YHSequence.m */ = {isa = PBXFileReference; lastKnownFileType = sourcecode.c.objc; path = YHSequence.m; sourceTree = "<group>"; };
		84756E6D255E74A200660783 /* YHSort.h */ = {isa = PBXFileReference; lastKnownFileType = sourcecode.c.h; path = YHSort.h; sourceTree = "<group>"; };
		84756E6E255E74A200660783 /* YHSort.m */ = {isa = PBXFileReference; lastKnownFileType = sourcecode.c.objc; path = YHSort.m; sourceTree = "<group>"; };
		84756E70255E991E00660783 /* YHBubbleSort.h */ = {isa = PBXFileReference; lastKnownFileType = sourcecode.c.h; path = YHBubbleSort.h; sourceTree = "<group>"; };
		84756E71255E991E00660783 /* YHBubbleSort.m */ = {isa = PBXFileReference; lastKnownFileType = sourcecode.c.objc; path = YHBubbleSort.m; sourceTree = "<group>"; };
		84756E73255E9A4B00660783 /* YHSelectionSort.h */ = {isa = PBXFileReference; lastKnownFileType = sourcecode.c.h; path = YHSelectionSort.h; sourceTree = "<group>"; };
		84756E74255E9A4B00660783 /* YHSelectionSort.m */ = {isa = PBXFileReference; lastKnownFileType = sourcecode.c.objc; path = YHSelectionSort.m; sourceTree = "<group>"; };
		84756E762562B39500660783 /* YHHeapSort.h */ = {isa = PBXFileReference; lastKnownFileType = sourcecode.c.h; path = YHHeapSort.h; sourceTree = "<group>"; };
		84756E772562B39500660783 /* YHHeapSort.m */ = {isa = PBXFileReference; lastKnownFileType = sourcecode.c.objc; path = YHHeapSort.m; sourceTree = "<group>"; };
		84756E912564015C00660783 /* YHInsertionSort.h */ = {isa = PBXFileReference; lastKnownFileType = sourcecode.c.h; path = YHInsertionSort.h; sourceTree = "<group>"; };
		84756E922564015C00660783 /* YHInsertionSort.m */ = {isa = PBXFileReference; lastKnownFileType = sourcecode.c.objc; path = YHInsertionSort.m; sourceTree = "<group>"; };
		84756E952565128A00660783 /* YHBinarySearch.h */ = {isa = PBXFileReference; lastKnownFileType = sourcecode.c.h; path = YHBinarySearch.h; sourceTree = "<group>"; };
		84756E962565128A00660783 /* YHBinarySearch.m */ = {isa = PBXFileReference; lastKnownFileType = sourcecode.c.objc; path = YHBinarySearch.m; sourceTree = "<group>"; };
		84756E98256525C100660783 /* YHMergeSort.h */ = {isa = PBXFileReference; lastKnownFileType = sourcecode.c.h; path = YHMergeSort.h; sourceTree = "<group>"; };
		84756E99256525C100660783 /* YHMergeSort.m */ = {isa = PBXFileReference; lastKnownFileType = sourcecode.c.objc; path = YHMergeSort.m; sourceTree = "<group>"; };
		84756EA125666A2500660783 /* YHQuickSort.h */ = {isa = PBXFileReference; lastKnownFileType = sourcecode.c.h; path = YHQuickSort.h; sourceTree = "<group>"; };
		84756EA225666A2500660783 /* YHQuickSort.m */ = {isa = PBXFileReference; lastKnownFileType = sourcecode.c.objc; path = YHQuickSort.m; sourceTree = "<group>"; };
		84756EA4256697D200660783 /* YHShellSort.h */ = {isa = PBXFileReference; lastKnownFileType = sourcecode.c.h; path = YHShellSort.h; sourceTree = "<group>"; };
		84756EA5256697D200660783 /* YHShellSort.m */ = {isa = PBXFileReference; lastKnownFileType = sourcecode.c.objc; path = YHShellSort.m; sourceTree = "<group>"; };
		84756EA72567675600660783 /* YHTimSort.h */ = {isa = PBXFileReference; lastKnownFileType = sourcecode.c.h; path = YHTimSort.h; sourceTree = "<group>"; };
		84756EA82567675600660783 /* YHTimSort.m */ = {isa = PBXFileReference; lastKnownFileType = sourcecode.c.objc; path = YHTimSort.m; sourceTree = "<group>"; };
		84756EAA2567750100660783 /* YHCountingSort.h */ = {isa = PBXFileReference; lastKnownFileType = sourcecode.c.h; path = YHCountingSort.h; sourceTree = "<group>"; };
		84756EAB2567750100660783 /* YHCountingSort.m */ = {isa = PBXFileReference; lastKnownFileType = sourcecode.c.objc; path = YHCountingSort.m; sourceTree = "<group>"; };
		848333C82552EB230094CF1C /* YHBloomFilter.h */ = {isa = PBXFileReference; lastKnownFileType = sourcecode.c.h; path = YHBloomFilter.h; sourceTree = "<group>"; };
		848333C92552EB230094CF1C /* YHBloomFilter.m */ = {isa = PBXFileReference; lastKnownFileType = sourcecode.c.objc; path = YHBloomFilter.m; sourceTree = "<group>"; };
		8483341325568A340094CF1C /* YHSkipList.h */ = {isa = PBXFileReference; lastKnownFileType = sourcecode.c.h; path = YHSkipList.h; sourceTree = "<group>"; };
		8483341425568A340094CF1C /* YHSkipList.m */ = {isa = PBXFileReference; lastKnownFileType = sourcecode.c.objc; path = YHSkipList.m; sourceTree = "<group>"; };
		8487E1D52534969100D72501 /* YHQuickUnionRank.h */ = {isa = PBXFileReference; fileEncoding = 4; lastKnownFileType = sourcecode.c.h; path = YHQuickUnionRank.h; sourceTree = "<group>"; };
		8487E1D62534969100D72501 /* YHQuickUnionRankPathSpliting.h */ = {isa = PBXFileReference; fileEncoding = 4; lastKnownFileType = sourcecode.c.h; path = YHQuickUnionRankPathSpliting.h; sourceTree = "<group>"; };
		8487E1D72534969100D72501 /* YHQuickUnionRankPathCompress.h */ = {isa = PBXFileReference; fileEncoding = 4; lastKnownFileType = sourcecode.c.h; path = YHQuickUnionRankPathCompress.h; sourceTree = "<group>"; };
		8487E1D82534969100D72501 /* YHUFNode.h */ = {isa = PBXFileReference; fileEncoding = 4; lastKnownFileType = sourcecode.c.h; path = YHUFNode.h; sourceTree = "<group>"; };
		8487E1D92534969100D72501 /* YHUnionFind.m */ = {isa = PBXFileReference; fileEncoding = 4; lastKnownFileType = sourcecode.c.objc; path = YHUnionFind.m; sourceTree = "<group>"; };
		8487E1DA2534969100D72501 /* YHQuickUnionRankPathHalving.h */ = {isa = PBXFileReference; fileEncoding = 4; lastKnownFileType = sourcecode.c.h; path = YHQuickUnionRankPathHalving.h; sourceTree = "<group>"; };
		8487E1DB2534969100D72501 /* YHQuickUnion.h */ = {isa = PBXFileReference; fileEncoding = 4; lastKnownFileType = sourcecode.c.h; path = YHQuickUnion.h; sourceTree = "<group>"; };
		8487E1DC2534969100D72501 /* YHQuickFind.m */ = {isa = PBXFileReference; fileEncoding = 4; lastKnownFileType = sourcecode.c.objc; path = YHQuickFind.m; sourceTree = "<group>"; };
		8487E1DD2534969100D72501 /* YHQuickUnionSize.h */ = {isa = PBXFileReference; fileEncoding = 4; lastKnownFileType = sourcecode.c.h; path = YHQuickUnionSize.h; sourceTree = "<group>"; };
		8487E1DE2534969100D72501 /* YHQuickUnionRankPathCompress.m */ = {isa = PBXFileReference; fileEncoding = 4; lastKnownFileType = sourcecode.c.objc; path = YHQuickUnionRankPathCompress.m; sourceTree = "<group>"; };
		8487E1DF2534969100D72501 /* YHQuickUnionRankPathSpliting.m */ = {isa = PBXFileReference; fileEncoding = 4; lastKnownFileType = sourcecode.c.objc; path = YHQuickUnionRankPathSpliting.m; sourceTree = "<group>"; };
		8487E1E02534969100D72501 /* YHQuickUnionRank.m */ = {isa = PBXFileReference; fileEncoding = 4; lastKnownFileType = sourcecode.c.objc; path = YHQuickUnionRank.m; sourceTree = "<group>"; };
		8487E1E12534969100D72501 /* YHQuickUnion.m */ = {isa = PBXFileReference; fileEncoding = 4; lastKnownFileType = sourcecode.c.objc; path = YHQuickUnion.m; sourceTree = "<group>"; };
		8487E1E22534969100D72501 /* YHQuickUnionRankPathHalving.m */ = {isa = PBXFileReference; fileEncoding = 4; lastKnownFileType = sourcecode.c.objc; path = YHQuickUnionRankPathHalving.m; sourceTree = "<group>"; };
		8487E1E32534969100D72501 /* YHUnionFind.h */ = {isa = PBXFileReference; fileEncoding = 4; lastKnownFileType = sourcecode.c.h; path = YHUnionFind.h; sourceTree = "<group>"; };
		8487E1E42534969100D72501 /* YHUFNode.m */ = {isa = PBXFileReference; fileEncoding = 4; lastKnownFileType = sourcecode.c.objc; path = YHUFNode.m; sourceTree = "<group>"; };
		8487E1E52534969100D72501 /* YHQuickUnionSize.m */ = {isa = PBXFileReference; fileEncoding = 4; lastKnownFileType = sourcecode.c.objc; path = YHQuickUnionSize.m; sourceTree = "<group>"; };
		8487E1E62534969100D72501 /* YHQuickFind.h */ = {isa = PBXFileReference; fileEncoding = 4; lastKnownFileType = sourcecode.c.h; path = YHQuickFind.h; sourceTree = "<group>"; };
		84C7C1BC2567CB5E00268471 /* YHDog.h */ = {isa = PBXFileReference; lastKnownFileType = sourcecode.c.h; path = YHDog.h; sourceTree = "<group>"; };
		84C7C1BD2567CB5E00268471 /* YHDog.m */ = {isa = PBXFileReference; lastKnownFileType = sourcecode.c.objc; path = YHDog.m; sourceTree = "<group>"; };
		84C7C1BF2567CD5400268471 /* YHRadixSort.h */ = {isa = PBXFileReference; lastKnownFileType = sourcecode.c.h; path = YHRadixSort.h; sourceTree = "<group>"; };
		84C7C1C02567CD5400268471 /* YHRadixSort.m */ = {isa = PBXFileReference; lastKnownFileType = sourcecode.c.objc; path = YHRadixSort.m; sourceTree = "<group>"; };
		84C7C1C22567F86300268471 /* YHBucketSort.h */ = {isa = PBXFileReference; lastKnownFileType = sourcecode.c.h; path = YHBucketSort.h; sourceTree = "<group>"; };
		84C7C1C32567F86300268471 /* YHBucketSort.m */ = {isa = PBXFileReference; lastKnownFileType = sourcecode.c.objc; path = YHBucketSort.m; sourceTree = "<group>"; };
		84CE825A253EB3570088EF36 /* YHBackTracking.h */ = {isa = PBXFileReference; lastKnownFileType = sourcecode.c.h; path = YHBackTracking.h; sourceTree = "<group>"; };
		84CE825B253EB3570088EF36 /* YHBackTracking.m */ = {isa = PBXFileReference; lastKnownFileType = sourcecode.c.objc; path = YHBackTracking.m; sourceTree = "<group>"; };
		84CE825E254040520088EF36 /* YHGreedy.h */ = {isa = PBXFileReference; lastKnownFileType = sourcecode.c.h; path = YHGreedy.h; sourceTree = "<group>"; };
		84CE825F254040520088EF36 /* YHGreedy.m */ = {isa = PBXFileReference; lastKnownFileType = sourcecode.c.objc; path = YHGreedy.m; sourceTree = "<group>"; };
		84FAEE792520A03E0099C0BA /* YHListGraph.m */ = {isa = PBXFileReference; fileEncoding = 4; lastKnownFileType = sourcecode.c.objc; path = YHListGraph.m; sourceTree = "<group>"; };
		84FAEE7A2520A03E0099C0BA /* YHGraph.h */ = {isa = PBXFileReference; fileEncoding = 4; lastKnownFileType = sourcecode.c.h; path = YHGraph.h; sourceTree = "<group>"; };
		84FAEE7B2520A03E0099C0BA /* YHListGraph.h */ = {isa = PBXFileReference; fileEncoding = 4; lastKnownFileType = sourcecode.c.h; path = YHListGraph.h; sourceTree = "<group>"; };
		84FAEE7C2520A03E0099C0BA /* YHGraph.m */ = {isa = PBXFileReference; fileEncoding = 4; lastKnownFileType = sourcecode.c.objc; path = YHGraph.m; sourceTree = "<group>"; };
		84FAEE8025232ABA0099C0BA /* YHHeap.h */ = {isa = PBXFileReference; lastKnownFileType = sourcecode.c.h; path = YHHeap.h; sourceTree = "<group>"; };
		84FAEE8125232ABA0099C0BA /* YHHeap.m */ = {isa = PBXFileReference; lastKnownFileType = sourcecode.c.objc; path = YHHeap.m; sourceTree = "<group>"; };
		84FAEE8325232BF10099C0BA /* YHBinaryHeap.h */ = {isa = PBXFileReference; lastKnownFileType = sourcecode.c.h; path = YHBinaryHeap.h; sourceTree = "<group>"; };
		84FAEE8425232BF10099C0BA /* YHBinaryHeap.m */ = {isa = PBXFileReference; lastKnownFileType = sourcecode.c.objc; path = YHBinaryHeap.m; sourceTree = "<group>"; };
		F0FDCA9222C227540020BB60 /* YHRBTree.h */ = {isa = PBXFileReference; lastKnownFileType = sourcecode.c.h; path = YHRBTree.h; sourceTree = "<group>"; };
		F0FDCA9322C227540020BB60 /* YHRBTree.m */ = {isa = PBXFileReference; lastKnownFileType = sourcecode.c.objc; path = YHRBTree.m; sourceTree = "<group>"; };
		F0FDCA9522C227740020BB60 /* YHRBNote.h */ = {isa = PBXFileReference; lastKnownFileType = sourcecode.c.h; path = YHRBNote.h; sourceTree = "<group>"; };
		F0FDCA9622C227740020BB60 /* YHRBNote.m */ = {isa = PBXFileReference; lastKnownFileType = sourcecode.c.objc; path = YHRBNote.m; sourceTree = "<group>"; };
		F0FDCAEC22C9DF4F0020BB60 /* YHSet.h */ = {isa = PBXFileReference; lastKnownFileType = sourcecode.c.h; path = YHSet.h; sourceTree = "<group>"; };
		F0FDCAED22C9E0AD0020BB60 /* YHTreeSet.h */ = {isa = PBXFileReference; lastKnownFileType = sourcecode.c.h; path = YHTreeSet.h; sourceTree = "<group>"; };
		F0FDCAEE22C9E0AD0020BB60 /* YHTreeSet.m */ = {isa = PBXFileReference; lastKnownFileType = sourcecode.c.objc; path = YHTreeSet.m; sourceTree = "<group>"; };
		F0FDCAF022C9E3A80020BB60 /* YHLinkSet.h */ = {isa = PBXFileReference; lastKnownFileType = sourcecode.c.h; path = YHLinkSet.h; sourceTree = "<group>"; };
		F0FDCAF122C9E3A80020BB60 /* YHLinkSet.m */ = {isa = PBXFileReference; lastKnownFileType = sourcecode.c.objc; path = YHLinkSet.m; sourceTree = "<group>"; };
		F0FDCAF322C9EBEF0020BB60 /* YHHashMap.h */ = {isa = PBXFileReference; lastKnownFileType = sourcecode.c.h; path = YHHashMap.h; sourceTree = "<group>"; };
		F0FDCAF422C9EBEF0020BB60 /* YHHashMap.m */ = {isa = PBXFileReference; lastKnownFileType = sourcecode.c.objc; path = YHHashMap.m; sourceTree = "<group>"; };
		F0FDCAF722CA01B20020BB60 /* YHInterview.h */ = {isa = PBXFileReference; lastKnownFileType = sourcecode.c.h; path = YHInterview.h; sourceTree = "<group>"; };
		F0FDCAF822CA01B20020BB60 /* YHInterview.m */ = {isa = PBXFileReference; lastKnownFileType = sourcecode.c.objc; path = YHInterview.m; sourceTree = "<group>"; };
/* End PBXFileReference section */

/* Begin PBXFrameworksBuildPhase section */
		1884A3CF22BE2787000F20A1 /* Frameworks */ = {
			isa = PBXFrameworksBuildPhase;
			buildActionMask = 2147483647;
			files = (
			);
			runOnlyForDeploymentPostprocessing = 0;
		};
		1884A3E722BE2789000F20A1 /* Frameworks */ = {
			isa = PBXFrameworksBuildPhase;
			buildActionMask = 2147483647;
			files = (
			);
			runOnlyForDeploymentPostprocessing = 0;
		};
		1884A3F222BE2789000F20A1 /* Frameworks */ = {
			isa = PBXFrameworksBuildPhase;
			buildActionMask = 2147483647;
			files = (
			);
			runOnlyForDeploymentPostprocessing = 0;
		};
/* End PBXFrameworksBuildPhase section */

/* Begin PBXGroup section */
		1884A3C922BE2787000F20A1 = {
			isa = PBXGroup;
			children = (
				1884A40B22BE2928000F20A1 /* Source */,
				1884A3D422BE2787000F20A1 /* YHDataStructureAndAlgorithm */,
				1884A3ED22BE2789000F20A1 /* YHDataStructureAndAlgorithmTests */,
				1884A3F822BE2789000F20A1 /* YHDataStructureAndAlgorithmUITests */,
				1884A3D322BE2787000F20A1 /* Products */,
			);
			sourceTree = "<group>";
		};
		1884A3D322BE2787000F20A1 /* Products */ = {
			isa = PBXGroup;
			children = (
				1884A3D222BE2787000F20A1 /* YHDataStructureAndAlgorithm.app */,
				1884A3EA22BE2789000F20A1 /* YHDataStructureAndAlgorithmTests.xctest */,
				1884A3F522BE2789000F20A1 /* YHDataStructureAndAlgorithmUITests.xctest */,
			);
			name = Products;
			sourceTree = "<group>";
		};
		1884A3D422BE2787000F20A1 /* YHDataStructureAndAlgorithm */ = {
			isa = PBXGroup;
			children = (
				1884A3D522BE2787000F20A1 /* AppDelegate.h */,
				1884A3D622BE2787000F20A1 /* AppDelegate.m */,
				1884A3D822BE2787000F20A1 /* ViewController.h */,
				1884A3D922BE2787000F20A1 /* ViewController.m */,
				1884A3DB22BE2787000F20A1 /* Main.storyboard */,
				1884A3DE22BE2789000F20A1 /* Assets.xcassets */,
				1884A3E022BE2789000F20A1 /* LaunchScreen.storyboard */,
				1884A3E322BE2789000F20A1 /* Info.plist */,
				1884A3E422BE2789000F20A1 /* main.m */,
				84C7C1BC2567CB5E00268471 /* YHDog.h */,
				84C7C1BD2567CB5E00268471 /* YHDog.m */,
			);
			path = YHDataStructureAndAlgorithm;
			sourceTree = "<group>";
		};
		1884A3ED22BE2789000F20A1 /* YHDataStructureAndAlgorithmTests */ = {
			isa = PBXGroup;
			children = (
				1884A3EE22BE2789000F20A1 /* YHDataStructureAndAlgorithmTests.m */,
				1884A3F022BE2789000F20A1 /* Info.plist */,
			);
			path = YHDataStructureAndAlgorithmTests;
			sourceTree = "<group>";
		};
		1884A3F822BE2789000F20A1 /* YHDataStructureAndAlgorithmUITests */ = {
			isa = PBXGroup;
			children = (
				1884A3F922BE2789000F20A1 /* YHDataStructureAndAlgorithmUITests.m */,
				1884A3FB22BE2789000F20A1 /* Info.plist */,
			);
			path = YHDataStructureAndAlgorithmUITests;
			sourceTree = "<group>";
		};
		1884A40B22BE2928000F20A1 /* Source */ = {
			isa = PBXGroup;
			children = (
				84072D1E259464A40074D1DF /* LRU */,
				84510CE72578CB19003037F6 /* Questions */,
				84756E942565127400660783 /* BinarySearch */,
				84756E6C255E747D00660783 /* Sort */,
				84756E0F255A5FD100660783 /* Sequence */,
				84756E0B255A383E00660783 /* B+Tree */,
				8483341225568A1F0094CF1C /* SkipList */,
				848333C72552EB0C0094CF1C /* BloomFilter */,
				845E64F925499B8D00441C43 /* DynamicProgramming */,
				84CE825D2540403A0088EF36 /* Greedy */,
				84CE8259253EB3490088EF36 /* BackTracking */,
				841F679A25394CAD00D30A7D /* Recursive */,
				8487E1D42534969100D72501 /* UnionFind */,
				84FAEE7F25232A8D0099C0BA /* Heap */,
				84FAEE782520A03E0099C0BA /* Graph */,
				F0FDCAF622C9EC020020BB60 /* HashMap */,
				F0FDCAE822C9DE770020BB60 /* Set */,
				1884A40C22BE2928000F20A1 /* BinaryTree */,
				1884A42222BE2928000F20A1 /* LeetCode */,
				1884A42522BE2928000F20A1 /* Linked */,
				1884A43A22BE2928000F20A1 /* Queue */,
				1884A43F22BE2928000F20A1 /* Stack */,
				1884A44222BE2928000F20A1 /* MJBinaryTrees */,
			);
			path = Source;
			sourceTree = "<group>";
		};
		1884A40C22BE2928000F20A1 /* BinaryTree */ = {
			isa = PBXGroup;
			children = (
				F0FDCA9122C227420020BB60 /* RBTree */,
				1884A40D22BE2928000F20A1 /* YHBinaryTree */,
				1884A41622BE2928000F20A1 /* AVLTree */,
				1884A41C22BE2928000F20A1 /* BinarySearchTree */,
				1884A41F22BE2928000F20A1 /* BalanceBinarySearchTree */,
			);
			path = BinaryTree;
			sourceTree = "<group>";
		};
		1884A40D22BE2928000F20A1 /* YHBinaryTree */ = {
			isa = PBXGroup;
			children = (
				1884A40E22BE2928000F20A1 /* YHBNote.h */,
				1884A41322BE2928000F20A1 /* YHBNote.m */,
				1884A40F22BE2928000F20A1 /* YHBinaryTree.h */,
				1884A41222BE2928000F20A1 /* YHBinaryTree.m */,
				1884A41022BE2928000F20A1 /* YHComparator.h */,
				1884A41122BE2928000F20A1 /* YHVisitor.m */,
				1884A41422BE2928000F20A1 /* YHVisitor.h */,
				1884A41522BE2928000F20A1 /* YHComparator.m */,
			);
			path = YHBinaryTree;
			sourceTree = "<group>";
		};
		1884A41622BE2928000F20A1 /* AVLTree */ = {
			isa = PBXGroup;
			children = (
				1884A41722BE2928000F20A1 /* YHAVLTree.h */,
				1884A41822BE2928000F20A1 /* YHAVLNote.m */,
				1884A41922BE2928000F20A1 /* YHAVLNote.h */,
				1884A41A22BE2928000F20A1 /* YHAVLTree.m */,
			);
			path = AVLTree;
			sourceTree = "<group>";
		};
		1884A41C22BE2928000F20A1 /* BinarySearchTree */ = {
			isa = PBXGroup;
			children = (
				1884A41D22BE2928000F20A1 /* YHBinarySearchTree.h */,
				1884A41E22BE2928000F20A1 /* YHBinarySearchTree.m */,
			);
			path = BinarySearchTree;
			sourceTree = "<group>";
		};
		1884A41F22BE2928000F20A1 /* BalanceBinarySearchTree */ = {
			isa = PBXGroup;
			children = (
				1884A42022BE2928000F20A1 /* YHBalanceBinarySearchTree.m */,
				1884A42122BE2928000F20A1 /* YHBalanceBinarySearchTree.h */,
			);
			path = BalanceBinarySearchTree;
			sourceTree = "<group>";
		};
		1884A42222BE2928000F20A1 /* LeetCode */ = {
			isa = PBXGroup;
			children = (
				F0FDCAF722CA01B20020BB60 /* YHInterview.h */,
				F0FDCAF822CA01B20020BB60 /* YHInterview.m */,
				1884A42422BE2928000F20A1 /* YHLeetCode.h */,
				1884A42322BE2928000F20A1 /* YHLeetCode.m */,
			);
			path = LeetCode;
			sourceTree = "<group>";
		};
		1884A42522BE2928000F20A1 /* Linked */ = {
			isa = PBXGroup;
			children = (
				1884A42622BE2928000F20A1 /* DoubleLoopLinked */,
				1884A42922BE2928000F20A1 /* JosephusLinked */,
				1884A42C22BE2928000F20A1 /* DoubleLinked */,
				1884A42F22BE2928000F20A1 /* LinkedAndNode */,
				1884A43422BE2928000F20A1 /* OneLoopLinked */,
				1884A43722BE2928000F20A1 /* OneLinked */,
			);
			path = Linked;
			sourceTree = "<group>";
		};
		1884A42622BE2928000F20A1 /* DoubleLoopLinked */ = {
			isa = PBXGroup;
			children = (
				1884A42722BE2928000F20A1 /* YHDoubleLoopLinked.h */,
				1884A42822BE2928000F20A1 /* YHDoubleLoopLinked.m */,
			);
			path = DoubleLoopLinked;
			sourceTree = "<group>";
		};
		1884A42922BE2928000F20A1 /* JosephusLinked */ = {
			isa = PBXGroup;
			children = (
				1884A42A22BE2928000F20A1 /* YHJosephusLinked.h */,
				1884A42B22BE2928000F20A1 /* YHJosephusLinked.m */,
			);
			path = JosephusLinked;
			sourceTree = "<group>";
		};
		1884A42C22BE2928000F20A1 /* DoubleLinked */ = {
			isa = PBXGroup;
			children = (
				1884A42D22BE2928000F20A1 /* YHDoubleLinked.h */,
				1884A42E22BE2928000F20A1 /* YHDoubleLinked.m */,
			);
			path = DoubleLinked;
			sourceTree = "<group>";
		};
		1884A42F22BE2928000F20A1 /* LinkedAndNode */ = {
			isa = PBXGroup;
			children = (
				1884A43022BE2928000F20A1 /* YHNote.h */,
				1884A43122BE2928000F20A1 /* YHBaseLinked.m */,
				1884A43222BE2928000F20A1 /* YHNote.m */,
				1884A43322BE2928000F20A1 /* YHBaseLinked.h */,
			);
			path = LinkedAndNode;
			sourceTree = "<group>";
		};
		1884A43422BE2928000F20A1 /* OneLoopLinked */ = {
			isa = PBXGroup;
			children = (
				1884A43522BE2928000F20A1 /* YHOneLoopLinked.m */,
				1884A43622BE2928000F20A1 /* YHOneLoopLinked.h */,
			);
			path = OneLoopLinked;
			sourceTree = "<group>";
		};
		1884A43722BE2928000F20A1 /* OneLinked */ = {
			isa = PBXGroup;
			children = (
				1884A43822BE2928000F20A1 /* YHOneLinked.m */,
				1884A43922BE2928000F20A1 /* YHOneLinked.h */,
			);
			path = OneLinked;
			sourceTree = "<group>";
		};
		1884A43A22BE2928000F20A1 /* Queue */ = {
			isa = PBXGroup;
			children = (
				1884A43E22BE2928000F20A1 /* YHQueue.h */,
				1884A43B22BE2928000F20A1 /* YHQueue.m */,
				1884A43C22BE2928000F20A1 /* YHDoubleQueue.h */,
				1884A43D22BE2928000F20A1 /* YHDoubleQueue.m */,
			);
			path = Queue;
			sourceTree = "<group>";
		};
		1884A43F22BE2928000F20A1 /* Stack */ = {
			isa = PBXGroup;
			children = (
				1884A44022BE2928000F20A1 /* YHStack.m */,
				1884A44122BE2928000F20A1 /* YHStack.h */,
				8448DCB9257B21F0008029B9 /* YHMinStack.h */,
				8448DCBA257B21F0008029B9 /* YHMinStack.m */,
				8448DCBF257B28D3008029B9 /* YHMinNodeStack.h */,
				8448DCC0257B28D3008029B9 /* YHMinNodeStack.m */,
			);
			path = Stack;
			sourceTree = "<group>";
		};
		1884A44222BE2928000F20A1 /* MJBinaryTrees */ = {
			isa = PBXGroup;
			children = (
				1884A44322BE2928000F20A1 /* MJBinaryTrees.h */,
				1884A44422BE2928000F20A1 /* MJPrinter */,
				1884A44B22BE2928000F20A1 /* NSString+Trees.h */,
				1884A44C22BE2928000F20A1 /* MJBinaryTreeInfo.h */,
				1884A44D22BE2928000F20A1 /* MJBinaryTrees.m */,
				1884A44E22BE2928000F20A1 /* NSString+Trees.m */,
			);
			path = MJBinaryTrees;
			sourceTree = "<group>";
		};
		1884A44422BE2928000F20A1 /* MJPrinter */ = {
			isa = PBXGroup;
			children = (
				1884A44522BE2928000F20A1 /* MJLevelOrderPrinter.h */,
				1884A44622BE2928000F20A1 /* MJInorderPrinter.m */,
				1884A44722BE2928000F20A1 /* MJPrinter.h */,
				1884A44822BE2928000F20A1 /* MJLevelOrderPrinter.m */,
				1884A44922BE2928000F20A1 /* MJPrinter.m */,
				1884A44A22BE2928000F20A1 /* MJInorderPrinter.h */,
			);
			path = MJPrinter;
			sourceTree = "<group>";
		};
		84072D1E259464A40074D1DF /* LRU */ = {
			isa = PBXGroup;
			children = (
				84072D1F259464CA0074D1DF /* YHLRUCache.h */,
				84072D20259464CA0074D1DF /* YHLRUCache.m */,
			);
			path = LRU;
			sourceTree = "<group>";
		};
		841F679A25394CAD00D30A7D /* Recursive */ = {
			isa = PBXGroup;
			children = (
				841F679B25394CCE00D30A7D /* YHRecursive.h */,
				841F679C25394CCE00D30A7D /* YHRecursive.m */,
			);
			path = Recursive;
			sourceTree = "<group>";
		};
		84510CE72578CB19003037F6 /* Questions */ = {
			isa = PBXGroup;
			children = (
				8466D7AB258DD1D600406507 /* YHNode.h */,
				8466D7AC258DD1D600406507 /* YHNode.m */,
				8466D793258DAE0700406507 /* YHQuestionDFS.h */,
				8466D794258DAE0700406507 /* YHQuestionDFS.m */,
				8466D799258DD02400406507 /* YHQuestionArraySort.h */,
				8466D79A258DD02400406507 /* YHQuestionArraySort.m */,
				8466D79F258DD09100406507 /* YHQuestionLinked.h */,
				8466D7A0258DD09100406507 /* YHQuestionLinked.m */,
				8466D7A5258DD14C00406507 /* YHQuestionStackAndQueue.h */,
				8466D7A6258DD14C00406507 /* YHQuestionStackAndQueue.m */,
				8466D7B1258DD3CA00406507 /* YHQuestionString.h */,
				8466D7B2258DD3CA00406507 /* YHQuestionString.m */,
				8466D7B7258DD43A00406507 /* YHQuestionDynamicProgramming.h */,
				8466D7B8258DD43A00406507 /* YHQuestionDynamicProgramming.m */,
				8466D7C0258DD48700406507 /* YHQuestionBinaryTree.h */,
				8466D7C1258DD48700406507 /* YHQuestionBinaryTree.m */,
				84072A8E2590CFD10074D1DF /* YHHighFrequency.h */,
				84072A8F2590CFD10074D1DF /* YHHighFrequency.m */,
			);
			path = Questions;
			sourceTree = "<group>";
		};
		845E64F925499B8D00441C43 /* DynamicProgramming */ = {
			isa = PBXGroup;
			children = (
				845E64FA25499BA100441C43 /* YHDynamicProgramming.h */,
				845E64FB25499BA100441C43 /* YHDynamicProgramming.m */,
			);
			path = DynamicProgramming;
			sourceTree = "<group>";
		};
		84756E0B255A383E00660783 /* B+Tree */ = {
			isa = PBXGroup;
			children = (
				84756E0C255A385E00660783 /* YHB+Tree.h */,
				84756E0D255A385E00660783 /* YHB+Tree.m */,
			);
			path = "B+Tree";
			sourceTree = "<group>";
		};
		84756E0F255A5FD100660783 /* Sequence */ = {
			isa = PBXGroup;
			children = (
				84756E10255A5FE200660783 /* YHSequence.h */,
				84756E11255A5FE200660783 /* YHSequence.m */,
			);
			path = Sequence;
			sourceTree = "<group>";
		};
		84756E6C255E747D00660783 /* Sort */ = {
			isa = PBXGroup;
			children = (
				84756E6D255E74A200660783 /* YHSort.h */,
				84756E6E255E74A200660783 /* YHSort.m */,
				84756E70255E991E00660783 /* YHBubbleSort.h */,
				84756E71255E991E00660783 /* YHBubbleSort.m */,
				84756E73255E9A4B00660783 /* YHSelectionSort.h */,
				84756E74255E9A4B00660783 /* YHSelectionSort.m */,
				84756E762562B39500660783 /* YHHeapSort.h */,
				84756E772562B39500660783 /* YHHeapSort.m */,
				84756E912564015C00660783 /* YHInsertionSort.h */,
				84756E922564015C00660783 /* YHInsertionSort.m */,
				84756E98256525C100660783 /* YHMergeSort.h */,
				84756E99256525C100660783 /* YHMergeSort.m */,
				84756EA125666A2500660783 /* YHQuickSort.h */,
				84756EA225666A2500660783 /* YHQuickSort.m */,
				84756EA4256697D200660783 /* YHShellSort.h */,
				84756EA5256697D200660783 /* YHShellSort.m */,
				84756EA72567675600660783 /* YHTimSort.h */,
				84756EA82567675600660783 /* YHTimSort.m */,
				84756EAA2567750100660783 /* YHCountingSort.h */,
				84756EAB2567750100660783 /* YHCountingSort.m */,
				84C7C1BF2567CD5400268471 /* YHRadixSort.h */,
				84C7C1C02567CD5400268471 /* YHRadixSort.m */,
				84C7C1C22567F86300268471 /* YHBucketSort.h */,
				84C7C1C32567F86300268471 /* YHBucketSort.m */,
			);
			path = Sort;
			sourceTree = "<group>";
		};
		84756E942565127400660783 /* BinarySearch */ = {
			isa = PBXGroup;
			children = (
				84756E952565128A00660783 /* YHBinarySearch.h */,
				84756E962565128A00660783 /* YHBinarySearch.m */,
			);
			path = BinarySearch;
			sourceTree = "<group>";
		};
		848333C72552EB0C0094CF1C /* BloomFilter */ = {
			isa = PBXGroup;
			children = (
				848333C82552EB230094CF1C /* YHBloomFilter.h */,
				848333C92552EB230094CF1C /* YHBloomFilter.m */,
			);
			path = BloomFilter;
			sourceTree = "<group>";
		};
		8483341225568A1F0094CF1C /* SkipList */ = {
			isa = PBXGroup;
			children = (
				8483341325568A340094CF1C /* YHSkipList.h */,
				8483341425568A340094CF1C /* YHSkipList.m */,
				84756E08255924AE00660783 /* YHSkipComparator.h */,
				84756E09255924AE00660783 /* YHSkipComparator.m */,
			);
			path = SkipList;
			sourceTree = "<group>";
		};
		8487E1D42534969100D72501 /* UnionFind */ = {
			isa = PBXGroup;
			children = (
				8487E1D52534969100D72501 /* YHQuickUnionRank.h */,
				8487E1D62534969100D72501 /* YHQuickUnionRankPathSpliting.h */,
				8487E1D72534969100D72501 /* YHQuickUnionRankPathCompress.h */,
				8487E1D82534969100D72501 /* YHUFNode.h */,
				8487E1D92534969100D72501 /* YHUnionFind.m */,
				8487E1DA2534969100D72501 /* YHQuickUnionRankPathHalving.h */,
				8487E1DB2534969100D72501 /* YHQuickUnion.h */,
				8487E1DC2534969100D72501 /* YHQuickFind.m */,
				8487E1DD2534969100D72501 /* YHQuickUnionSize.h */,
				8487E1DE2534969100D72501 /* YHQuickUnionRankPathCompress.m */,
				8487E1DF2534969100D72501 /* YHQuickUnionRankPathSpliting.m */,
				8487E1E02534969100D72501 /* YHQuickUnionRank.m */,
				8487E1E12534969100D72501 /* YHQuickUnion.m */,
				8487E1E22534969100D72501 /* YHQuickUnionRankPathHalving.m */,
				8487E1E32534969100D72501 /* YHUnionFind.h */,
				8487E1E42534969100D72501 /* YHUFNode.m */,
				8487E1E52534969100D72501 /* YHQuickUnionSize.m */,
				8487E1E62534969100D72501 /* YHQuickFind.h */,
			);
			path = UnionFind;
			sourceTree = "<group>";
		};
		84CE8259253EB3490088EF36 /* BackTracking */ = {
			isa = PBXGroup;
			children = (
				84CE825A253EB3570088EF36 /* YHBackTracking.h */,
				84CE825B253EB3570088EF36 /* YHBackTracking.m */,
			);
			path = BackTracking;
			sourceTree = "<group>";
		};
		84CE825D2540403A0088EF36 /* Greedy */ = {
			isa = PBXGroup;
			children = (
				84CE825E254040520088EF36 /* YHGreedy.h */,
				84CE825F254040520088EF36 /* YHGreedy.m */,
			);
			path = Greedy;
			sourceTree = "<group>";
		};
		84FAEE782520A03E0099C0BA /* Graph */ = {
			isa = PBXGroup;
			children = (
				84FAEE7A2520A03E0099C0BA /* YHGraph.h */,
				84FAEE7C2520A03E0099C0BA /* YHGraph.m */,
				84FAEE7B2520A03E0099C0BA /* YHListGraph.h */,
				84FAEE792520A03E0099C0BA /* YHListGraph.m */,
			);
			path = Graph;
			sourceTree = "<group>";
		};
		84FAEE7F25232A8D0099C0BA /* Heap */ = {
			isa = PBXGroup;
			children = (
				84FAEE8025232ABA0099C0BA /* YHHeap.h */,
				84FAEE8125232ABA0099C0BA /* YHHeap.m */,
				84FAEE8325232BF10099C0BA /* YHBinaryHeap.h */,
				84FAEE8425232BF10099C0BA /* YHBinaryHeap.m */,
			);
			path = Heap;
			sourceTree = "<group>";
		};
		F0FDCA9122C227420020BB60 /* RBTree */ = {
			isa = PBXGroup;
			children = (
				F0FDCA9222C227540020BB60 /* YHRBTree.h */,
				F0FDCA9322C227540020BB60 /* YHRBTree.m */,
				F0FDCA9522C227740020BB60 /* YHRBNote.h */,
				F0FDCA9622C227740020BB60 /* YHRBNote.m */,
			);
			path = RBTree;
			sourceTree = "<group>";
		};
		F0FDCAE822C9DE770020BB60 /* Set */ = {
			isa = PBXGroup;
			children = (
				F0FDCAEB22C9DF030020BB60 /* YHSet */,
				F0FDCAE922C9DEE70020BB60 /* RBSet */,
				F0FDCAEA22C9DEE70020BB60 /* LinkedSet */,
			);
			path = Set;
			sourceTree = "<group>";
		};
		F0FDCAE922C9DEE70020BB60 /* RBSet */ = {
			isa = PBXGroup;
			children = (
				F0FDCAED22C9E0AD0020BB60 /* YHTreeSet.h */,
				F0FDCAEE22C9E0AD0020BB60 /* YHTreeSet.m */,
				F0FDCAF022C9E3A80020BB60 /* YHLinkSet.h */,
				F0FDCAF122C9E3A80020BB60 /* YHLinkSet.m */,
			);
			path = RBSet;
			sourceTree = "<group>";
		};
		F0FDCAEA22C9DEE70020BB60 /* LinkedSet */ = {
			isa = PBXGroup;
			children = (
			);
			path = LinkedSet;
			sourceTree = "<group>";
		};
		F0FDCAEB22C9DF030020BB60 /* YHSet */ = {
			isa = PBXGroup;
			children = (
				F0FDCAEC22C9DF4F0020BB60 /* YHSet.h */,
			);
			path = YHSet;
			sourceTree = "<group>";
		};
		F0FDCAF622C9EC020020BB60 /* HashMap */ = {
			isa = PBXGroup;
			children = (
				F0FDCAF322C9EBEF0020BB60 /* YHHashMap.h */,
				F0FDCAF422C9EBEF0020BB60 /* YHHashMap.m */,
			);
			path = HashMap;
			sourceTree = "<group>";
		};
/* End PBXGroup section */

/* Begin PBXNativeTarget section */
		1884A3D122BE2787000F20A1 /* YHDataStructureAndAlgorithm */ = {
			isa = PBXNativeTarget;
			buildConfigurationList = 1884A3FE22BE2789000F20A1 /* Build configuration list for PBXNativeTarget "YHDataStructureAndAlgorithm" */;
			buildPhases = (
				1884A3CE22BE2787000F20A1 /* Sources */,
				1884A3CF22BE2787000F20A1 /* Frameworks */,
				1884A3D022BE2787000F20A1 /* Resources */,
			);
			buildRules = (
			);
			dependencies = (
			);
			name = YHDataStructureAndAlgorithm;
			productName = YHDataStructureAndAlgorithm;
			productReference = 1884A3D222BE2787000F20A1 /* YHDataStructureAndAlgorithm.app */;
			productType = "com.apple.product-type.application";
		};
		1884A3E922BE2789000F20A1 /* YHDataStructureAndAlgorithmTests */ = {
			isa = PBXNativeTarget;
			buildConfigurationList = 1884A40122BE2789000F20A1 /* Build configuration list for PBXNativeTarget "YHDataStructureAndAlgorithmTests" */;
			buildPhases = (
				1884A3E622BE2789000F20A1 /* Sources */,
				1884A3E722BE2789000F20A1 /* Frameworks */,
				1884A3E822BE2789000F20A1 /* Resources */,
			);
			buildRules = (
			);
			dependencies = (
				1884A3EC22BE2789000F20A1 /* PBXTargetDependency */,
			);
			name = YHDataStructureAndAlgorithmTests;
			productName = YHDataStructureAndAlgorithmTests;
			productReference = 1884A3EA22BE2789000F20A1 /* YHDataStructureAndAlgorithmTests.xctest */;
			productType = "com.apple.product-type.bundle.unit-test";
		};
		1884A3F422BE2789000F20A1 /* YHDataStructureAndAlgorithmUITests */ = {
			isa = PBXNativeTarget;
			buildConfigurationList = 1884A40422BE2789000F20A1 /* Build configuration list for PBXNativeTarget "YHDataStructureAndAlgorithmUITests" */;
			buildPhases = (
				1884A3F122BE2789000F20A1 /* Sources */,
				1884A3F222BE2789000F20A1 /* Frameworks */,
				1884A3F322BE2789000F20A1 /* Resources */,
			);
			buildRules = (
			);
			dependencies = (
				1884A3F722BE2789000F20A1 /* PBXTargetDependency */,
			);
			name = YHDataStructureAndAlgorithmUITests;
			productName = YHDataStructureAndAlgorithmUITests;
			productReference = 1884A3F522BE2789000F20A1 /* YHDataStructureAndAlgorithmUITests.xctest */;
			productType = "com.apple.product-type.bundle.ui-testing";
		};
/* End PBXNativeTarget section */

/* Begin PBXProject section */
		1884A3CA22BE2787000F20A1 /* Project object */ = {
			isa = PBXProject;
			attributes = {
				LastUpgradeCheck = 1010;
				ORGANIZATIONNAME = "玉河川";
				TargetAttributes = {
					1884A3D122BE2787000F20A1 = {
						CreatedOnToolsVersion = 10.1;
					};
					1884A3E922BE2789000F20A1 = {
						CreatedOnToolsVersion = 10.1;
						TestTargetID = 1884A3D122BE2787000F20A1;
					};
					1884A3F422BE2789000F20A1 = {
						CreatedOnToolsVersion = 10.1;
						TestTargetID = 1884A3D122BE2787000F20A1;
					};
				};
			};
			buildConfigurationList = 1884A3CD22BE2787000F20A1 /* Build configuration list for PBXProject "YHDataStructureAndAlgorithm" */;
			compatibilityVersion = "Xcode 9.3";
			developmentRegion = en;
			hasScannedForEncodings = 0;
			knownRegions = (
				en,
				Base,
			);
			mainGroup = 1884A3C922BE2787000F20A1;
			productRefGroup = 1884A3D322BE2787000F20A1 /* Products */;
			projectDirPath = "";
			projectRoot = "";
			targets = (
				1884A3D122BE2787000F20A1 /* YHDataStructureAndAlgorithm */,
				1884A3E922BE2789000F20A1 /* YHDataStructureAndAlgorithmTests */,
				1884A3F422BE2789000F20A1 /* YHDataStructureAndAlgorithmUITests */,
			);
		};
/* End PBXProject section */

/* Begin PBXResourcesBuildPhase section */
		1884A3D022BE2787000F20A1 /* Resources */ = {
			isa = PBXResourcesBuildPhase;
			buildActionMask = 2147483647;
			files = (
				1884A3E222BE2789000F20A1 /* LaunchScreen.storyboard in Resources */,
				1884A3DF22BE2789000F20A1 /* Assets.xcassets in Resources */,
				1884A3DD22BE2787000F20A1 /* Main.storyboard in Resources */,
			);
			runOnlyForDeploymentPostprocessing = 0;
		};
		1884A3E822BE2789000F20A1 /* Resources */ = {
			isa = PBXResourcesBuildPhase;
			buildActionMask = 2147483647;
			files = (
			);
			runOnlyForDeploymentPostprocessing = 0;
		};
		1884A3F322BE2789000F20A1 /* Resources */ = {
			isa = PBXResourcesBuildPhase;
			buildActionMask = 2147483647;
			files = (
			);
			runOnlyForDeploymentPostprocessing = 0;
		};
/* End PBXResourcesBuildPhase section */

/* Begin PBXSourcesBuildPhase section */
		1884A3CE22BE2787000F20A1 /* Sources */ = {
			isa = PBXSourcesBuildPhase;
			buildActionMask = 2147483647;
			files = (
				8466D795258DAE0700406507 /* YHQuestionDFS.m in Sources */,
				1884A45922BE2928000F20A1 /* YHJosephusLinked.m in Sources */,
				1884A45322BE2928000F20A1 /* YHAVLNote.m in Sources */,
				84FAEE8225232ABA0099C0BA /* YHHeap.m in Sources */,
				8487E1EF2534969200D72501 /* YHQuickUnionSize.m in Sources */,
				84756EA325666A2500660783 /* YHQuickSort.m in Sources */,
				84CE8260254040520088EF36 /* YHGreedy.m in Sources */,
				1884A45F22BE2928000F20A1 /* YHQueue.m in Sources */,
				F0FDCA9722C227740020BB60 /* YHRBNote.m in Sources */,
				8466D7B3258DD3CA00406507 /* YHQuestionString.m in Sources */,
				848333CA2552EB230094CF1C /* YHBloomFilter.m in Sources */,
				8487E1EA2534969200D72501 /* YHQuickUnionRankPathSpliting.m in Sources */,
				1884A45522BE2928000F20A1 /* YHBinarySearchTree.m in Sources */,
				1884A45222BE2928000F20A1 /* YHComparator.m in Sources */,
				8466D7B9258DD43A00406507 /* YHQuestionDynamicProgramming.m in Sources */,
				1884A45822BE2928000F20A1 /* YHDoubleLoopLinked.m in Sources */,
				84C7C1C12567CD5400268471 /* YHRadixSort.m in Sources */,
				84756E932564015C00660783 /* YHInsertionSort.m in Sources */,
				F0FDCA9422C227540020BB60 /* YHRBTree.m in Sources */,
				1884A45E22BE2928000F20A1 /* YHOneLinked.m in Sources */,
				8466D7A1258DD09200406507 /* YHQuestionLinked.m in Sources */,
				8448DCBB257B21F0008029B9 /* YHMinStack.m in Sources */,
				F0FDCAF522C9EBEF0020BB60 /* YHHashMap.m in Sources */,
				84756E972565128A00660783 /* YHBinarySearch.m in Sources */,
				1884A3DA22BE2787000F20A1 /* ViewController.m in Sources */,
				1884A45D22BE2928000F20A1 /* YHOneLoopLinked.m in Sources */,
				1884A3E522BE2789000F20A1 /* main.m in Sources */,
				84CE825C253EB3570088EF36 /* YHBackTracking.m in Sources */,
				84756E12255A5FE200660783 /* YHSequence.m in Sources */,
				84756E0A255924AE00660783 /* YHSkipComparator.m in Sources */,
				1884A45722BE2928000F20A1 /* YHLeetCode.m in Sources */,
				F0FDCAF222C9E3A80020BB60 /* YHLinkSet.m in Sources */,
				8448DCC1257B28D3008029B9 /* YHMinNodeStack.m in Sources */,
				84FAEE7D2520A03E0099C0BA /* YHListGraph.m in Sources */,
				84FAEE8525232BF10099C0BA /* YHBinaryHeap.m in Sources */,
				84756E75255E9A4B00660783 /* YHSelectionSort.m in Sources */,
				1884A45422BE2928000F20A1 /* YHAVLTree.m in Sources */,
				8487E1EB2534969200D72501 /* YHQuickUnionRank.m in Sources */,
				1884A3D722BE2787000F20A1 /* AppDelegate.m in Sources */,
				84756E6F255E74A200660783 /* YHSort.m in Sources */,
				8487E1EE2534969200D72501 /* YHUFNode.m in Sources */,
				8483341525568A340094CF1C /* YHSkipList.m in Sources */,
				1884A45622BE2928000F20A1 /* YHBalanceBinarySearchTree.m in Sources */,
				1884A46022BE2928000F20A1 /* YHDoubleQueue.m in Sources */,
				8487E1E82534969200D72501 /* YHQuickFind.m in Sources */,
				8466D7A7258DD14C00406507 /* YHQuestionStackAndQueue.m in Sources */,
				F0FDCAEF22C9E0AD0020BB60 /* YHTreeSet.m in Sources */,
				84756EAC2567750100660783 /* YHCountingSort.m in Sources */,
				8487E1E72534969200D72501 /* YHUnionFind.m in Sources */,
				84756E72255E991E00660783 /* YHBubbleSort.m in Sources */,
				84072D21259464CA0074D1DF /* YHLRUCache.m in Sources */,
				84756EA6256697D200660783 /* YHShellSort.m in Sources */,
				1884A46322BE2928000F20A1 /* MJLevelOrderPrinter.m in Sources */,
				84C7C1BE2567CB5E00268471 /* YHDog.m in Sources */,
				F0FDCAF922CA01B20020BB60 /* YHInterview.m in Sources */,
				1884A44F22BE2928000F20A1 /* YHVisitor.m in Sources */,
				1884A46522BE2928000F20A1 /* MJBinaryTrees.m in Sources */,
				8487E1E92534969200D72501 /* YHQuickUnionRankPathCompress.m in Sources */,
				1884A45B22BE2928000F20A1 /* YHBaseLinked.m in Sources */,
				84756E782562B39500660783 /* YHHeapSort.m in Sources */,
				1884A45022BE2928000F20A1 /* YHBinaryTree.m in Sources */,
				845E64FC25499BA100441C43 /* YHDynamicProgramming.m in Sources */,
				84C7C1C42567F86300268471 /* YHBucketSort.m in Sources */,
				1884A45A22BE2928000F20A1 /* YHDoubleLinked.m in Sources */,
				84072A902590CFD10074D1DF /* YHHighFrequency.m in Sources */,
				8466D7C2258DD48700406507 /* YHQuestionBinaryTree.m in Sources */,
				1884A45122BE2928000F20A1 /* YHBNote.m in Sources */,
				8466D79B258DD02400406507 /* YHQuestionArraySort.m in Sources */,
				1884A46422BE2928000F20A1 /* MJPrinter.m in Sources */,
				1884A46222BE2928000F20A1 /* MJInorderPrinter.m in Sources */,
				84756E9A256525C100660783 /* YHMergeSort.m in Sources */,
				8487E1EC2534969200D72501 /* YHQuickUnion.m in Sources */,
				841F679D25394CCE00D30A7D /* YHRecursive.m in Sources */,
				84FAEE7E2520A03E0099C0BA /* YHGraph.m in Sources */,
				1884A46622BE2928000F20A1 /* NSString+Trees.m in Sources */,
				84756EA92567675600660783 /* YHTimSort.m in Sources */,
				8487E1ED2534969200D72501 /* YHQuickUnionRankPathHalving.m in Sources */,
				84756E0E255A385E00660783 /* YHB+Tree.m in Sources */,
				1884A45C22BE2928000F20A1 /* YHNote.m in Sources */,
				1884A46122BE2928000F20A1 /* YHStack.m in Sources */,
				8466D7AD258DD1D600406507 /* YHNode.m in Sources */,
			);
			runOnlyForDeploymentPostprocessing = 0;
		};
		1884A3E622BE2789000F20A1 /* Sources */ = {
			isa = PBXSourcesBuildPhase;
			buildActionMask = 2147483647;
			files = (
				1884A3EF22BE2789000F20A1 /* YHDataStructureAndAlgorithmTests.m in Sources */,
			);
			runOnlyForDeploymentPostprocessing = 0;
		};
		1884A3F122BE2789000F20A1 /* Sources */ = {
			isa = PBXSourcesBuildPhase;
			buildActionMask = 2147483647;
			files = (
				1884A3FA22BE2789000F20A1 /* YHDataStructureAndAlgorithmUITests.m in Sources */,
			);
			runOnlyForDeploymentPostprocessing = 0;
		};
/* End PBXSourcesBuildPhase section */

/* Begin PBXTargetDependency section */
		1884A3EC22BE2789000F20A1 /* PBXTargetDependency */ = {
			isa = PBXTargetDependency;
			target = 1884A3D122BE2787000F20A1 /* YHDataStructureAndAlgorithm */;
			targetProxy = 1884A3EB22BE2789000F20A1 /* PBXContainerItemProxy */;
		};
		1884A3F722BE2789000F20A1 /* PBXTargetDependency */ = {
			isa = PBXTargetDependency;
			target = 1884A3D122BE2787000F20A1 /* YHDataStructureAndAlgorithm */;
			targetProxy = 1884A3F622BE2789000F20A1 /* PBXContainerItemProxy */;
		};
/* End PBXTargetDependency section */

/* Begin PBXVariantGroup section */
		1884A3DB22BE2787000F20A1 /* Main.storyboard */ = {
			isa = PBXVariantGroup;
			children = (
				1884A3DC22BE2787000F20A1 /* Base */,
			);
			name = Main.storyboard;
			sourceTree = "<group>";
		};
		1884A3E022BE2789000F20A1 /* LaunchScreen.storyboard */ = {
			isa = PBXVariantGroup;
			children = (
				1884A3E122BE2789000F20A1 /* Base */,
			);
			name = LaunchScreen.storyboard;
			sourceTree = "<group>";
		};
/* End PBXVariantGroup section */

/* Begin XCBuildConfiguration section */
		1884A3FC22BE2789000F20A1 /* Debug */ = {
			isa = XCBuildConfiguration;
			buildSettings = {
				ALWAYS_SEARCH_USER_PATHS = NO;
				CLANG_ANALYZER_NONNULL = YES;
				CLANG_ANALYZER_NUMBER_OBJECT_CONVERSION = YES_AGGRESSIVE;
				CLANG_CXX_LANGUAGE_STANDARD = "gnu++14";
				CLANG_CXX_LIBRARY = "libc++";
				CLANG_ENABLE_MODULES = YES;
				CLANG_ENABLE_OBJC_ARC = YES;
				CLANG_ENABLE_OBJC_WEAK = YES;
				CLANG_WARN_BLOCK_CAPTURE_AUTORELEASING = YES;
				CLANG_WARN_BOOL_CONVERSION = YES;
				CLANG_WARN_COMMA = YES;
				CLANG_WARN_CONSTANT_CONVERSION = YES;
				CLANG_WARN_DEPRECATED_OBJC_IMPLEMENTATIONS = YES;
				CLANG_WARN_DIRECT_OBJC_ISA_USAGE = YES_ERROR;
				CLANG_WARN_DOCUMENTATION_COMMENTS = YES;
				CLANG_WARN_EMPTY_BODY = YES;
				CLANG_WARN_ENUM_CONVERSION = YES;
				CLANG_WARN_INFINITE_RECURSION = YES;
				CLANG_WARN_INT_CONVERSION = YES;
				CLANG_WARN_NON_LITERAL_NULL_CONVERSION = YES;
				CLANG_WARN_OBJC_IMPLICIT_RETAIN_SELF = YES;
				CLANG_WARN_OBJC_LITERAL_CONVERSION = YES;
				CLANG_WARN_OBJC_ROOT_CLASS = YES_ERROR;
				CLANG_WARN_RANGE_LOOP_ANALYSIS = YES;
				CLANG_WARN_STRICT_PROTOTYPES = YES;
				CLANG_WARN_SUSPICIOUS_MOVE = YES;
				CLANG_WARN_UNGUARDED_AVAILABILITY = YES_AGGRESSIVE;
				CLANG_WARN_UNREACHABLE_CODE = YES;
				CLANG_WARN__DUPLICATE_METHOD_MATCH = YES;
				CODE_SIGN_IDENTITY = "iPhone Developer";
				COPY_PHASE_STRIP = NO;
				DEBUG_INFORMATION_FORMAT = dwarf;
				ENABLE_STRICT_OBJC_MSGSEND = YES;
				ENABLE_TESTABILITY = YES;
				GCC_C_LANGUAGE_STANDARD = gnu11;
				GCC_DYNAMIC_NO_PIC = NO;
				GCC_NO_COMMON_BLOCKS = YES;
				GCC_OPTIMIZATION_LEVEL = 0;
				GCC_PREPROCESSOR_DEFINITIONS = (
					"DEBUG=1",
					"$(inherited)",
				);
				GCC_WARN_64_TO_32_BIT_CONVERSION = YES;
				GCC_WARN_ABOUT_RETURN_TYPE = YES_ERROR;
				GCC_WARN_UNDECLARED_SELECTOR = YES;
				GCC_WARN_UNINITIALIZED_AUTOS = YES_AGGRESSIVE;
				GCC_WARN_UNUSED_FUNCTION = YES;
				GCC_WARN_UNUSED_VARIABLE = YES;
				IPHONEOS_DEPLOYMENT_TARGET = 12.1;
				MTL_ENABLE_DEBUG_INFO = INCLUDE_SOURCE;
				MTL_FAST_MATH = YES;
				ONLY_ACTIVE_ARCH = YES;
				SDKROOT = iphoneos;
			};
			name = Debug;
		};
		1884A3FD22BE2789000F20A1 /* Release */ = {
			isa = XCBuildConfiguration;
			buildSettings = {
				ALWAYS_SEARCH_USER_PATHS = NO;
				CLANG_ANALYZER_NONNULL = YES;
				CLANG_ANALYZER_NUMBER_OBJECT_CONVERSION = YES_AGGRESSIVE;
				CLANG_CXX_LANGUAGE_STANDARD = "gnu++14";
				CLANG_CXX_LIBRARY = "libc++";
				CLANG_ENABLE_MODULES = YES;
				CLANG_ENABLE_OBJC_ARC = YES;
				CLANG_ENABLE_OBJC_WEAK = YES;
				CLANG_WARN_BLOCK_CAPTURE_AUTORELEASING = YES;
				CLANG_WARN_BOOL_CONVERSION = YES;
				CLANG_WARN_COMMA = YES;
				CLANG_WARN_CONSTANT_CONVERSION = YES;
				CLANG_WARN_DEPRECATED_OBJC_IMPLEMENTATIONS = YES;
				CLANG_WARN_DIRECT_OBJC_ISA_USAGE = YES_ERROR;
				CLANG_WARN_DOCUMENTATION_COMMENTS = YES;
				CLANG_WARN_EMPTY_BODY = YES;
				CLANG_WARN_ENUM_CONVERSION = YES;
				CLANG_WARN_INFINITE_RECURSION = YES;
				CLANG_WARN_INT_CONVERSION = YES;
				CLANG_WARN_NON_LITERAL_NULL_CONVERSION = YES;
				CLANG_WARN_OBJC_IMPLICIT_RETAIN_SELF = YES;
				CLANG_WARN_OBJC_LITERAL_CONVERSION = YES;
				CLANG_WARN_OBJC_ROOT_CLASS = YES_ERROR;
				CLANG_WARN_RANGE_LOOP_ANALYSIS = YES;
				CLANG_WARN_STRICT_PROTOTYPES = YES;
				CLANG_WARN_SUSPICIOUS_MOVE = YES;
				CLANG_WARN_UNGUARDED_AVAILABILITY = YES_AGGRESSIVE;
				CLANG_WARN_UNREACHABLE_CODE = YES;
				CLANG_WARN__DUPLICATE_METHOD_MATCH = YES;
				CODE_SIGN_IDENTITY = "iPhone Developer";
				COPY_PHASE_STRIP = NO;
				DEBUG_INFORMATION_FORMAT = "dwarf-with-dsym";
				ENABLE_NS_ASSERTIONS = NO;
				ENABLE_STRICT_OBJC_MSGSEND = YES;
				GCC_C_LANGUAGE_STANDARD = gnu11;
				GCC_NO_COMMON_BLOCKS = YES;
				GCC_WARN_64_TO_32_BIT_CONVERSION = YES;
				GCC_WARN_ABOUT_RETURN_TYPE = YES_ERROR;
				GCC_WARN_UNDECLARED_SELECTOR = YES;
				GCC_WARN_UNINITIALIZED_AUTOS = YES_AGGRESSIVE;
				GCC_WARN_UNUSED_FUNCTION = YES;
				GCC_WARN_UNUSED_VARIABLE = YES;
				IPHONEOS_DEPLOYMENT_TARGET = 12.1;
				MTL_ENABLE_DEBUG_INFO = NO;
				MTL_FAST_MATH = YES;
				SDKROOT = iphoneos;
				VALIDATE_PRODUCT = YES;
			};
			name = Release;
		};
		1884A3FF22BE2789000F20A1 /* Debug */ = {
			isa = XCBuildConfiguration;
			buildSettings = {
				ASSETCATALOG_COMPILER_APPICON_NAME = AppIcon;
				CODE_SIGN_STYLE = Automatic;
				DEVELOPMENT_TEAM = JX84U25WS9;
				INFOPLIST_FILE = YHDataStructureAndAlgorithm/Info.plist;
				LD_RUNPATH_SEARCH_PATHS = (
					"$(inherited)",
					"@executable_path/Frameworks",
				);
				PRODUCT_BUNDLE_IDENTIFIER = "---.YHDataStructureAndAlgorithm";
				PRODUCT_NAME = "$(TARGET_NAME)";
				TARGETED_DEVICE_FAMILY = "1,2";
				USER_HEADER_SEARCH_PATHS = "";
			};
			name = Debug;
		};
		1884A40022BE2789000F20A1 /* Release */ = {
			isa = XCBuildConfiguration;
			buildSettings = {
				ASSETCATALOG_COMPILER_APPICON_NAME = AppIcon;
				CODE_SIGN_STYLE = Automatic;
				DEVELOPMENT_TEAM = JX84U25WS9;
				INFOPLIST_FILE = YHDataStructureAndAlgorithm/Info.plist;
				LD_RUNPATH_SEARCH_PATHS = (
					"$(inherited)",
					"@executable_path/Frameworks",
				);
				PRODUCT_BUNDLE_IDENTIFIER = "---.YHDataStructureAndAlgorithm";
				PRODUCT_NAME = "$(TARGET_NAME)";
				TARGETED_DEVICE_FAMILY = "1,2";
				USER_HEADER_SEARCH_PATHS = "";
			};
			name = Release;
		};
		1884A40222BE2789000F20A1 /* Debug */ = {
			isa = XCBuildConfiguration;
			buildSettings = {
				BUNDLE_LOADER = "$(TEST_HOST)";
				CODE_SIGN_STYLE = Automatic;
				DEVELOPMENT_TEAM = JX84U25WS9;
				INFOPLIST_FILE = YHDataStructureAndAlgorithmTests/Info.plist;
				LD_RUNPATH_SEARCH_PATHS = (
					"$(inherited)",
					"@executable_path/Frameworks",
					"@loader_path/Frameworks",
				);
				PRODUCT_BUNDLE_IDENTIFIER = "---.YHDataStructureAndAlgorithmTests";
				PRODUCT_NAME = "$(TARGET_NAME)";
				TARGETED_DEVICE_FAMILY = "1,2";
				TEST_HOST = "$(BUILT_PRODUCTS_DIR)/YHDataStructureAndAlgorithm.app/YHDataStructureAndAlgorithm";
			};
			name = Debug;
		};
		1884A40322BE2789000F20A1 /* Release */ = {
			isa = XCBuildConfiguration;
			buildSettings = {
				BUNDLE_LOADER = "$(TEST_HOST)";
				CODE_SIGN_STYLE = Automatic;
				DEVELOPMENT_TEAM = JX84U25WS9;
				INFOPLIST_FILE = YHDataStructureAndAlgorithmTests/Info.plist;
				LD_RUNPATH_SEARCH_PATHS = (
					"$(inherited)",
					"@executable_path/Frameworks",
					"@loader_path/Frameworks",
				);
				PRODUCT_BUNDLE_IDENTIFIER = "---.YHDataStructureAndAlgorithmTests";
				PRODUCT_NAME = "$(TARGET_NAME)";
				TARGETED_DEVICE_FAMILY = "1,2";
				TEST_HOST = "$(BUILT_PRODUCTS_DIR)/YHDataStructureAndAlgorithm.app/YHDataStructureAndAlgorithm";
			};
			name = Release;
		};
		1884A40522BE2789000F20A1 /* Debug */ = {
			isa = XCBuildConfiguration;
			buildSettings = {
				CODE_SIGN_STYLE = Automatic;
				DEVELOPMENT_TEAM = JX84U25WS9;
				INFOPLIST_FILE = YHDataStructureAndAlgorithmUITests/Info.plist;
				LD_RUNPATH_SEARCH_PATHS = (
					"$(inherited)",
					"@executable_path/Frameworks",
					"@loader_path/Frameworks",
				);
				PRODUCT_BUNDLE_IDENTIFIER = "---.YHDataStructureAndAlgorithmUITests";
				PRODUCT_NAME = "$(TARGET_NAME)";
				TARGETED_DEVICE_FAMILY = "1,2";
				TEST_TARGET_NAME = YHDataStructureAndAlgorithm;
			};
			name = Debug;
		};
		1884A40622BE2789000F20A1 /* Release */ = {
			isa = XCBuildConfiguration;
			buildSettings = {
				CODE_SIGN_STYLE = Automatic;
				DEVELOPMENT_TEAM = JX84U25WS9;
				INFOPLIST_FILE = YHDataStructureAndAlgorithmUITests/Info.plist;
				LD_RUNPATH_SEARCH_PATHS = (
					"$(inherited)",
					"@executable_path/Frameworks",
					"@loader_path/Frameworks",
				);
				PRODUCT_BUNDLE_IDENTIFIER = "---.YHDataStructureAndAlgorithmUITests";
				PRODUCT_NAME = "$(TARGET_NAME)";
				TARGETED_DEVICE_FAMILY = "1,2";
				TEST_TARGET_NAME = YHDataStructureAndAlgorithm;
			};
			name = Release;
		};
/* End XCBuildConfiguration section */

/* Begin XCConfigurationList section */
		1884A3CD22BE2787000F20A1 /* Build configuration list for PBXProject "YHDataStructureAndAlgorithm" */ = {
			isa = XCConfigurationList;
			buildConfigurations = (
				1884A3FC22BE2789000F20A1 /* Debug */,
				1884A3FD22BE2789000F20A1 /* Release */,
			);
			defaultConfigurationIsVisible = 0;
			defaultConfigurationName = Release;
		};
		1884A3FE22BE2789000F20A1 /* Build configuration list for PBXNativeTarget "YHDataStructureAndAlgorithm" */ = {
			isa = XCConfigurationList;
			buildConfigurations = (
				1884A3FF22BE2789000F20A1 /* Debug */,
				1884A40022BE2789000F20A1 /* Release */,
			);
			defaultConfigurationIsVisible = 0;
			defaultConfigurationName = Release;
		};
		1884A40122BE2789000F20A1 /* Build configuration list for PBXNativeTarget "YHDataStructureAndAlgorithmTests" */ = {
			isa = XCConfigurationList;
			buildConfigurations = (
				1884A40222BE2789000F20A1 /* Debug */,
				1884A40322BE2789000F20A1 /* Release */,
			);
			defaultConfigurationIsVisible = 0;
			defaultConfigurationName = Release;
		};
		1884A40422BE2789000F20A1 /* Build configuration list for PBXNativeTarget "YHDataStructureAndAlgorithmUITests" */ = {
			isa = XCConfigurationList;
			buildConfigurations = (
				1884A40522BE2789000F20A1 /* Debug */,
				1884A40622BE2789000F20A1 /* Release */,
			);
			defaultConfigurationIsVisible = 0;
			defaultConfigurationName = Release;
		};
/* End XCConfigurationList section */
	};
	rootObject = 1884A3CA22BE2787000F20A1 /* Project object */;
}
